// !$*UTF8*$!
{
	archiveVersion = 1;
	classes = {
	};
	objectVersion = 46;
	objects = {

/* Begin PBXBuildFile section */
		0AFB905ECE9E2ECCB8FFAEE6 /* Pods_MobileTradingTests.framework in Frameworks */ = {isa = PBXBuildFile; fileRef = 1C90458373B480566F5CB5D9 /* Pods_MobileTradingTests.framework */; };
		2E5ABE482C1AA74FE51A4E55 /* Pods_MobileTrading.framework in Frameworks */ = {isa = PBXBuildFile; fileRef = E2501F4CB39FCC850C7C4425 /* Pods_MobileTrading.framework */; };
		C65CFFF2EA1CB036CB5E206C /* Pods_RNCryptorTests.framework in Frameworks */ = {isa = PBXBuildFile; fileRef = C09F3500A6583A94E71351FB /* Pods_RNCryptorTests.framework */; };
		CBECA249A20BD07BEF56ADA5 /* Pods_SSZipArchiveTests.framework in Frameworks */ = {isa = PBXBuildFile; fileRef = 9C93F12940B2AE57D5244BEE /* Pods_SSZipArchiveTests.framework */; };
		D3D9B66707E4BD52B51E0623 /* Pods_CryptoSwiftTests.framework in Frameworks */ = {isa = PBXBuildFile; fileRef = 1D0B652C2E82F8D3E62D2995 /* Pods_CryptoSwiftTests.framework */; };
		D91E6B06D5E3CBA63D0B05AC /* Pods_MobileTradingUITests.framework in Frameworks */ = {isa = PBXBuildFile; fileRef = 5CC78CDF92091C2875F5416A /* Pods_MobileTradingUITests.framework */; };
		DE06D1D41F94D1F1F57E08F7 /* Pods_ZipTests.framework in Frameworks */ = {isa = PBXBuildFile; fileRef = 174711E5EA32688B3D07A995 /* Pods_ZipTests.framework */; };
		E278022497EF7FEB10C1690D /* Pods_GzipTests.framework in Frameworks */ = {isa = PBXBuildFile; fileRef = A5D81FD2B692B074C5CF3D98 /* Pods_GzipTests.framework */; };
		E525AF991E95F44B00BAE5C4 /* AppDelegate.swift in Sources */ = {isa = PBXBuildFile; fileRef = E525AF981E95F44B00BAE5C4 /* AppDelegate.swift */; };
		E525AF9B1E95F44B00BAE5C4 /* ViewController.swift in Sources */ = {isa = PBXBuildFile; fileRef = E525AF9A1E95F44B00BAE5C4 /* ViewController.swift */; };
		E525AF9E1E95F44B00BAE5C4 /* Main.storyboard in Resources */ = {isa = PBXBuildFile; fileRef = E525AF9C1E95F44B00BAE5C4 /* Main.storyboard */; };
		E525AFA01E95F44B00BAE5C4 /* Assets.xcassets in Resources */ = {isa = PBXBuildFile; fileRef = E525AF9F1E95F44B00BAE5C4 /* Assets.xcassets */; };
		E525AFA31E95F44B00BAE5C4 /* LaunchScreen.storyboard in Resources */ = {isa = PBXBuildFile; fileRef = E525AFA11E95F44B00BAE5C4 /* LaunchScreen.storyboard */; };
		E525AFAE1E95F44B00BAE5C4 /* MobileTradingTests.swift in Sources */ = {isa = PBXBuildFile; fileRef = E525AFAD1E95F44B00BAE5C4 /* MobileTradingTests.swift */; };
		E525AFB91E95F44B00BAE5C4 /* MobileTradingUITests.swift in Sources */ = {isa = PBXBuildFile; fileRef = E525AFB81E95F44B00BAE5C4 /* MobileTradingUITests.swift */; };
		E5906A691E988BA100F696FB /* String+MTExtension.swift in Sources */ = {isa = PBXBuildFile; fileRef = E5906A681E988BA100F696FB /* String+MTExtension.swift */; };
		E5906A6B1E988E1400F696FB /* NSObject+MTExtension.swift in Sources */ = {isa = PBXBuildFile; fileRef = E5906A6A1E988E1400F696FB /* NSObject+MTExtension.swift */; };
		E5CABEA21E9682800005933D /* flag-assets.bundle in Resources */ = {isa = PBXBuildFile; fileRef = E5CABEA11E9682800005933D /* flag-assets.bundle */; };
		E5CABEA41E9682CB0005933D /* FlagKit.swift in Sources */ = {isa = PBXBuildFile; fileRef = E5CABEA31E9682CB0005933D /* FlagKit.swift */; };
		E5CABEA81E968DF50005933D /* libcompression.tbd in Frameworks */ = {isa = PBXBuildFile; fileRef = E5CABEA71E968DF50005933D /* libcompression.tbd */; };
		E5D7776D1E98CD1E00FCEF2D /* UIWindow+MTExtension.swift in Sources */ = {isa = PBXBuildFile; fileRef = E5D7776C1E98CD1E00FCEF2D /* UIWindow+MTExtension.swift */; };
		E5D7776F1E98CDA700FCEF2D /* Realm+MTExtension.swift in Sources */ = {isa = PBXBuildFile; fileRef = E5D7776E1E98CDA700FCEF2D /* Realm+MTExtension.swift */; };
		E5D7777C1E993A6500FCEF2D /* Data+Compression.swift in Sources */ = {isa = PBXBuildFile; fileRef = E5D7777B1E993A6500FCEF2D /* Data+Compression.swift */; };
		E5D7777D1E993B2A00FCEF2D /* Data+Compression.swift in Sources */ = {isa = PBXBuildFile; fileRef = E5D7777B1E993A6500FCEF2D /* Data+Compression.swift */; };
		E5D777801E993B9F00FCEF2D /* Data+CompressionTests.swift in Sources */ = {isa = PBXBuildFile; fileRef = E5D7777F1E993B9F00FCEF2D /* Data+CompressionTests.swift */; };
		E5D777821E993BF900FCEF2D /* String+MTExtensionTests.swift in Sources */ = {isa = PBXBuildFile; fileRef = E5D777811E993BF900FCEF2D /* String+MTExtensionTests.swift */; };
		E5D777951E993D4400FCEF2D /* GzipTests.swift in Sources */ = {isa = PBXBuildFile; fileRef = E5D777931E993D4400FCEF2D /* GzipTests.swift */; };
		E5D777961E993D4400FCEF2D /* test.txt.gz in Resources */ = {isa = PBXBuildFile; fileRef = E5D777941E993D4400FCEF2D /* test.txt.gz */; };
		E5D777B11E9940C500FCEF2D /* Access.swift in Sources */ = {isa = PBXBuildFile; fileRef = E5D777A51E9940C500FCEF2D /* Access.swift */; };
		E5D777B21E9940C500FCEF2D /* AESTests.swift in Sources */ = {isa = PBXBuildFile; fileRef = E5D777A61E9940C500FCEF2D /* AESTests.swift */; };
		E5D777B31E9940C500FCEF2D /* BlowfishTests.swift in Sources */ = {isa = PBXBuildFile; fileRef = E5D777A71E9940C500FCEF2D /* BlowfishTests.swift */; };
		E5D777B41E9940C500FCEF2D /* ChaCha20Tests.swift in Sources */ = {isa = PBXBuildFile; fileRef = E5D777A81E9940C500FCEF2D /* ChaCha20Tests.swift */; };
		E5D777B51E9940C500FCEF2D /* DigestTests.swift in Sources */ = {isa = PBXBuildFile; fileRef = E5D777A91E9940C500FCEF2D /* DigestTests.swift */; };
		E5D777B61E9940C500FCEF2D /* ExtensionsTest.swift in Sources */ = {isa = PBXBuildFile; fileRef = E5D777AA1E9940C500FCEF2D /* ExtensionsTest.swift */; };
		E5D777B71E9940C500FCEF2D /* HMACTests.swift in Sources */ = {isa = PBXBuildFile; fileRef = E5D777AB1E9940C500FCEF2D /* HMACTests.swift */; };
		E5D777B81E9940C500FCEF2D /* PaddingTests.swift in Sources */ = {isa = PBXBuildFile; fileRef = E5D777AC1E9940C500FCEF2D /* PaddingTests.swift */; };
		E5D777B91E9940C500FCEF2D /* PBKDF.swift in Sources */ = {isa = PBXBuildFile; fileRef = E5D777AD1E9940C500FCEF2D /* PBKDF.swift */; };
		E5D777BA1E9940C500FCEF2D /* Poly1305Tests.swift in Sources */ = {isa = PBXBuildFile; fileRef = E5D777AE1E9940C500FCEF2D /* Poly1305Tests.swift */; };
		E5D777BB1E9940C500FCEF2D /* RabbitTests.swift in Sources */ = {isa = PBXBuildFile; fileRef = E5D777AF1E9940C500FCEF2D /* RabbitTests.swift */; };
		E5D777BC1E9940C500FCEF2D /* RandomBytesSequenceTests.swift in Sources */ = {isa = PBXBuildFile; fileRef = E5D777B01E9940C500FCEF2D /* RandomBytesSequenceTests.swift */; };
		E5D777D41E99418400FCEF2D /* Data.swift in Sources */ = {isa = PBXBuildFile; fileRef = E5D777CB1E99418400FCEF2D /* Data.swift */; };
		E5D777D51E99418400FCEF2D /* RNCryptorGeneratedVectorTests.swift in Sources */ = {isa = PBXBuildFile; fileRef = E5D777CD1E99418400FCEF2D /* RNCryptorGeneratedVectorTests.swift */; };
		E5D777D61E99418400FCEF2D /* GenVectorTests in Resources */ = {isa = PBXBuildFile; fileRef = E5D777CE1E99418400FCEF2D /* GenVectorTests */; };
		E5D777D71E99418400FCEF2D /* Info.plist in Resources */ = {isa = PBXBuildFile; fileRef = E5D777CF1E99418400FCEF2D /* Info.plist */; };
		E5D777D81E99418400FCEF2D /* OverfowingBuffer.swift in Sources */ = {isa = PBXBuildFile; fileRef = E5D777D01E99418400FCEF2D /* OverfowingBuffer.swift */; };
		E5D777D91E99418400FCEF2D /* RNCryptorPerformance.swift in Sources */ = {isa = PBXBuildFile; fileRef = E5D777D11E99418400FCEF2D /* RNCryptorPerformance.swift */; };
		E5D777DA1E99418400FCEF2D /* RNCryptorTests.swift in Sources */ = {isa = PBXBuildFile; fileRef = E5D777D21E99418400FCEF2D /* RNCryptorTests.swift */; };
		E5D777DB1E99418400FCEF2D /* VectorTestHelpers.swift in Sources */ = {isa = PBXBuildFile; fileRef = E5D777D31E99418400FCEF2D /* VectorTestHelpers.swift */; };
		E5D777E51E994F3400FCEF2D /* CountryPicker.swift in Sources */ = {isa = PBXBuildFile; fileRef = E5D777E21E994F3400FCEF2D /* CountryPicker.swift */; };
		E5D777E61E994F3400FCEF2D /* CountryView.swift in Sources */ = {isa = PBXBuildFile; fileRef = E5D777E31E994F3400FCEF2D /* CountryView.swift */; };
		E5D777E71E994F3400FCEF2D /* CountryView.xib in Resources */ = {isa = PBXBuildFile; fileRef = E5D777E41E994F3400FCEF2D /* CountryView.xib */; };
		E5D777FD1E99CB6500FCEF2D /* bb8.zip in Resources */ = {isa = PBXBuildFile; fileRef = E5D777F61E99CB6500FCEF2D /* bb8.zip */; };
		E5D777FE1E99CB6500FCEF2D /* 3crBXeO.gif in Resources */ = {isa = PBXBuildFile; fileRef = E5D777F81E99CB6500FCEF2D /* 3crBXeO.gif */; };
		E5D777FF1E99CB6500FCEF2D /* kYkLkPf.gif in Resources */ = {isa = PBXBuildFile; fileRef = E5D777F91E99CB6500FCEF2D /* kYkLkPf.gif */; };
		E5D778001E99CB6500FCEF2D /* permissions.zip in Resources */ = {isa = PBXBuildFile; fileRef = E5D777FA1E99CB6500FCEF2D /* permissions.zip */; };
		E5D778011E99CB6500FCEF2D /* unsupported_permissions.zip in Resources */ = {isa = PBXBuildFile; fileRef = E5D777FB1E99CB6500FCEF2D /* unsupported_permissions.zip */; };
		E5D778021E99CB6500FCEF2D /* ZipTests.swift in Sources */ = {isa = PBXBuildFile; fileRef = E5D777FC1E99CB6500FCEF2D /* ZipTests.swift */; };
		E5E2479C1E9BC9760063D4B8 /* CollectingDelegate.m in Sources */ = {isa = PBXBuildFile; fileRef = E5E2479B1E9BC9760063D4B8 /* CollectingDelegate.m */; };
		E5E247B01E9BC9F30063D4B8 /* hello.zip in Resources */ = {isa = PBXBuildFile; fileRef = E5E2479E1E9BC9F30063D4B8 /* hello.zip */; };
		E5E247B11E9BC9F30063D4B8 /* IncorrectHeaders.zip in Resources */ = {isa = PBXBuildFile; fileRef = E5E2479F1E9BC9F30063D4B8 /* IncorrectHeaders.zip */; };
		E5E247B21E9BC9F30063D4B8 /* PermissionsTestApp.app in Resources */ = {isa = PBXBuildFile; fileRef = E5E247A01E9BC9F30063D4B8 /* PermissionsTestApp.app */; };
		E5E247B31E9BC9F30063D4B8 /* RelativeSymbolicLink.zip in Resources */ = {isa = PBXBuildFile; fileRef = E5E247A11E9BC9F30063D4B8 /* RelativeSymbolicLink.zip */; };
		E5E247B41E9BC9F30063D4B8 /* SymbolicLink.zip in Resources */ = {isa = PBXBuildFile; fileRef = E5E247A21E9BC9F30063D4B8 /* SymbolicLink.zip */; };
		E5E247B51E9BC9F30063D4B8 /* TestArchive.zip in Resources */ = {isa = PBXBuildFile; fileRef = E5E247A31E9BC9F30063D4B8 /* TestArchive.zip */; };
		E5E247B61E9BC9F30063D4B8 /* TestPasswordArchive.zip in Resources */ = {isa = PBXBuildFile; fileRef = E5E247A41E9BC9F30063D4B8 /* TestPasswordArchive.zip */; };
		E5E247B71E9BC9F30063D4B8 /* Unicode.zip in Resources */ = {isa = PBXBuildFile; fileRef = E5E247A51E9BC9F30063D4B8 /* Unicode.zip */; };
		E5E247B81E9BC9F30063D4B8 /* 0.m4a in Resources */ = {isa = PBXBuildFile; fileRef = E5E247A71E9BC9F30063D4B8 /* 0.m4a */; };
		E5E247B91E9BC9F30063D4B8 /* 1.m4a in Resources */ = {isa = PBXBuildFile; fileRef = E5E247A81E9BC9F30063D4B8 /* 1.m4a */; };
		E5E247BA1E9BC9F30063D4B8 /* 2.m4a in Resources */ = {isa = PBXBuildFile; fileRef = E5E247A91E9BC9F30063D4B8 /* 2.m4a */; };
		E5E247BB1E9BC9F30063D4B8 /* 3.m4a in Resources */ = {isa = PBXBuildFile; fileRef = E5E247AA1E9BC9F30063D4B8 /* 3.m4a */; };
		E5E247BC1E9BC9F30063D4B8 /* 4.m4a in Resources */ = {isa = PBXBuildFile; fileRef = E5E247AB1E9BC9F30063D4B8 /* 4.m4a */; };
		E5E247BD1E9BC9F30063D4B8 /* 5.m4a in Resources */ = {isa = PBXBuildFile; fileRef = E5E247AC1E9BC9F30063D4B8 /* 5.m4a */; };
		E5E247BE1E9BC9F30063D4B8 /* 6.m4a in Resources */ = {isa = PBXBuildFile; fileRef = E5E247AD1E9BC9F30063D4B8 /* 6.m4a */; };
		E5E247BF1E9BC9F30063D4B8 /* 7.m4a in Resources */ = {isa = PBXBuildFile; fileRef = E5E247AE1E9BC9F30063D4B8 /* 7.m4a */; };
		E5E247C01E9BC9F30063D4B8 /* SSZipArchiveTests.m in Sources */ = {isa = PBXBuildFile; fileRef = E5E247AF1E9BC9F30063D4B8 /* SSZipArchiveTests.m */; };
/* End PBXBuildFile section */

/* Begin PBXContainerItemProxy section */
		E525AFAA1E95F44B00BAE5C4 /* PBXContainerItemProxy */ = {
			isa = PBXContainerItemProxy;
			containerPortal = E525AF8D1E95F44B00BAE5C4 /* Project object */;
			proxyType = 1;
			remoteGlobalIDString = E525AF941E95F44B00BAE5C4;
			remoteInfo = MobileTrading;
		};
		E525AFB51E95F44B00BAE5C4 /* PBXContainerItemProxy */ = {
			isa = PBXContainerItemProxy;
			containerPortal = E525AF8D1E95F44B00BAE5C4 /* Project object */;
			proxyType = 1;
			remoteGlobalIDString = E525AF941E95F44B00BAE5C4;
			remoteInfo = MobileTrading;
		};
		E5D7778C1E993C9C00FCEF2D /* PBXContainerItemProxy */ = {
			isa = PBXContainerItemProxy;
			containerPortal = E525AF8D1E95F44B00BAE5C4 /* Project object */;
			proxyType = 1;
			remoteGlobalIDString = E525AF941E95F44B00BAE5C4;
			remoteInfo = MobileTrading;
		};
		E5D777A01E99408000FCEF2D /* PBXContainerItemProxy */ = {
			isa = PBXContainerItemProxy;
			containerPortal = E525AF8D1E95F44B00BAE5C4 /* Project object */;
			proxyType = 1;
			remoteGlobalIDString = E525AF941E95F44B00BAE5C4;
			remoteInfo = MobileTrading;
		};
		E5D777C61E99414F00FCEF2D /* PBXContainerItemProxy */ = {
			isa = PBXContainerItemProxy;
			containerPortal = E525AF8D1E95F44B00BAE5C4 /* Project object */;
			proxyType = 1;
			remoteGlobalIDString = E525AF941E95F44B00BAE5C4;
			remoteInfo = MobileTrading;
		};
		E5D777F11E99CA3200FCEF2D /* PBXContainerItemProxy */ = {
			isa = PBXContainerItemProxy;
			containerPortal = E525AF8D1E95F44B00BAE5C4 /* Project object */;
			proxyType = 1;
			remoteGlobalIDString = E525AF941E95F44B00BAE5C4;
			remoteInfo = MobileTrading;
		};
		E5E247951E9BC8160063D4B8 /* PBXContainerItemProxy */ = {
			isa = PBXContainerItemProxy;
			containerPortal = E525AF8D1E95F44B00BAE5C4 /* Project object */;
			proxyType = 1;
			remoteGlobalIDString = E525AF941E95F44B00BAE5C4;
			remoteInfo = MobileTrading;
		};
/* End PBXContainerItemProxy section */

/* Begin PBXFileReference section */
		0D130D6EDEAD79F09F99B354 /* Pods-GzipTests.debug.xcconfig */ = {isa = PBXFileReference; includeInIndex = 1; lastKnownFileType = text.xcconfig; name = "Pods-GzipTests.debug.xcconfig"; path = "Pods/Target Support Files/Pods-GzipTests/Pods-GzipTests.debug.xcconfig"; sourceTree = "<group>"; };
		174711E5EA32688B3D07A995 /* Pods_ZipTests.framework */ = {isa = PBXFileReference; explicitFileType = wrapper.framework; includeInIndex = 0; path = Pods_ZipTests.framework; sourceTree = BUILT_PRODUCTS_DIR; };
		1C90458373B480566F5CB5D9 /* Pods_MobileTradingTests.framework */ = {isa = PBXFileReference; explicitFileType = wrapper.framework; includeInIndex = 0; path = Pods_MobileTradingTests.framework; sourceTree = BUILT_PRODUCTS_DIR; };
		1D0B652C2E82F8D3E62D2995 /* Pods_CryptoSwiftTests.framework */ = {isa = PBXFileReference; explicitFileType = wrapper.framework; includeInIndex = 0; path = Pods_CryptoSwiftTests.framework; sourceTree = BUILT_PRODUCTS_DIR; };
		29417CDCA19910BE815E66A0 /* Pods-MobileTradingUITests.debug.xcconfig */ = {isa = PBXFileReference; includeInIndex = 1; lastKnownFileType = text.xcconfig; name = "Pods-MobileTradingUITests.debug.xcconfig"; path = "Pods/Target Support Files/Pods-MobileTradingUITests/Pods-MobileTradingUITests.debug.xcconfig"; sourceTree = "<group>"; };
		379A6DB7A862417F1BF7B303 /* Pods-CryptoSwiftTests.debug.xcconfig */ = {isa = PBXFileReference; includeInIndex = 1; lastKnownFileType = text.xcconfig; name = "Pods-CryptoSwiftTests.debug.xcconfig"; path = "Pods/Target Support Files/Pods-CryptoSwiftTests/Pods-CryptoSwiftTests.debug.xcconfig"; sourceTree = "<group>"; };
		4F2AD3DB7890C7B01663C08B /* Pods-ZipTests.debug.xcconfig */ = {isa = PBXFileReference; includeInIndex = 1; lastKnownFileType = text.xcconfig; name = "Pods-ZipTests.debug.xcconfig"; path = "Pods/Target Support Files/Pods-ZipTests/Pods-ZipTests.debug.xcconfig"; sourceTree = "<group>"; };
		5A065D63AFBE785C70DE7E57 /* Pods-MobileTradingTests.debug.xcconfig */ = {isa = PBXFileReference; includeInIndex = 1; lastKnownFileType = text.xcconfig; name = "Pods-MobileTradingTests.debug.xcconfig"; path = "Pods/Target Support Files/Pods-MobileTradingTests/Pods-MobileTradingTests.debug.xcconfig"; sourceTree = "<group>"; };
		5CC78CDF92091C2875F5416A /* Pods_MobileTradingUITests.framework */ = {isa = PBXFileReference; explicitFileType = wrapper.framework; includeInIndex = 0; path = Pods_MobileTradingUITests.framework; sourceTree = BUILT_PRODUCTS_DIR; };
		71D3A1ECC598965B0F95C340 /* Pods-RNCryptorTests.debug.xcconfig */ = {isa = PBXFileReference; includeInIndex = 1; lastKnownFileType = text.xcconfig; name = "Pods-RNCryptorTests.debug.xcconfig"; path = "Pods/Target Support Files/Pods-RNCryptorTests/Pods-RNCryptorTests.debug.xcconfig"; sourceTree = "<group>"; };
		9300C9217DC7208D8EC598E4 /* Pods-SSZipArchiveTests.release.xcconfig */ = {isa = PBXFileReference; includeInIndex = 1; lastKnownFileType = text.xcconfig; name = "Pods-SSZipArchiveTests.release.xcconfig"; path = "Pods/Target Support Files/Pods-SSZipArchiveTests/Pods-SSZipArchiveTests.release.xcconfig"; sourceTree = "<group>"; };
		9C93F12940B2AE57D5244BEE /* Pods_SSZipArchiveTests.framework */ = {isa = PBXFileReference; explicitFileType = wrapper.framework; includeInIndex = 0; path = Pods_SSZipArchiveTests.framework; sourceTree = BUILT_PRODUCTS_DIR; };
		9E648F8D79868BAD3818B94D /* Pods-SSZipArchiveTests.debug.xcconfig */ = {isa = PBXFileReference; includeInIndex = 1; lastKnownFileType = text.xcconfig; name = "Pods-SSZipArchiveTests.debug.xcconfig"; path = "Pods/Target Support Files/Pods-SSZipArchiveTests/Pods-SSZipArchiveTests.debug.xcconfig"; sourceTree = "<group>"; };
		A2DD4CFEA59EEBC1811953FA /* Pods-MobileTradingUITests.release.xcconfig */ = {isa = PBXFileReference; includeInIndex = 1; lastKnownFileType = text.xcconfig; name = "Pods-MobileTradingUITests.release.xcconfig"; path = "Pods/Target Support Files/Pods-MobileTradingUITests/Pods-MobileTradingUITests.release.xcconfig"; sourceTree = "<group>"; };
		A5D81FD2B692B074C5CF3D98 /* Pods_GzipTests.framework */ = {isa = PBXFileReference; explicitFileType = wrapper.framework; includeInIndex = 0; path = Pods_GzipTests.framework; sourceTree = BUILT_PRODUCTS_DIR; };
		C09F3500A6583A94E71351FB /* Pods_RNCryptorTests.framework */ = {isa = PBXFileReference; explicitFileType = wrapper.framework; includeInIndex = 0; path = Pods_RNCryptorTests.framework; sourceTree = BUILT_PRODUCTS_DIR; };
		C11BBCA374566E04C8D07A3D /* Pods-MobileTradingTests.release.xcconfig */ = {isa = PBXFileReference; includeInIndex = 1; lastKnownFileType = text.xcconfig; name = "Pods-MobileTradingTests.release.xcconfig"; path = "Pods/Target Support Files/Pods-MobileTradingTests/Pods-MobileTradingTests.release.xcconfig"; sourceTree = "<group>"; };
		C2B18D6A0D55A06E419C05E0 /* Pods-ZipTests.release.xcconfig */ = {isa = PBXFileReference; includeInIndex = 1; lastKnownFileType = text.xcconfig; name = "Pods-ZipTests.release.xcconfig"; path = "Pods/Target Support Files/Pods-ZipTests/Pods-ZipTests.release.xcconfig"; sourceTree = "<group>"; };
		C3DDACF4E2310733FA098DA5 /* Pods-RNCryptorTests.release.xcconfig */ = {isa = PBXFileReference; includeInIndex = 1; lastKnownFileType = text.xcconfig; name = "Pods-RNCryptorTests.release.xcconfig"; path = "Pods/Target Support Files/Pods-RNCryptorTests/Pods-RNCryptorTests.release.xcconfig"; sourceTree = "<group>"; };
		C8EB20F4F0C5BC5C953FF2D9 /* Pods-CryptoSwiftTests.release.xcconfig */ = {isa = PBXFileReference; includeInIndex = 1; lastKnownFileType = text.xcconfig; name = "Pods-CryptoSwiftTests.release.xcconfig"; path = "Pods/Target Support Files/Pods-CryptoSwiftTests/Pods-CryptoSwiftTests.release.xcconfig"; sourceTree = "<group>"; };
		E2501F4CB39FCC850C7C4425 /* Pods_MobileTrading.framework */ = {isa = PBXFileReference; explicitFileType = wrapper.framework; includeInIndex = 0; path = Pods_MobileTrading.framework; sourceTree = BUILT_PRODUCTS_DIR; };
		E525AF951E95F44B00BAE5C4 /* MobileTrading.app */ = {isa = PBXFileReference; explicitFileType = wrapper.application; includeInIndex = 0; path = MobileTrading.app; sourceTree = BUILT_PRODUCTS_DIR; };
		E525AF981E95F44B00BAE5C4 /* AppDelegate.swift */ = {isa = PBXFileReference; lastKnownFileType = sourcecode.swift; path = AppDelegate.swift; sourceTree = "<group>"; };
		E525AF9A1E95F44B00BAE5C4 /* ViewController.swift */ = {isa = PBXFileReference; lastKnownFileType = sourcecode.swift; path = ViewController.swift; sourceTree = "<group>"; };
		E525AF9D1E95F44B00BAE5C4 /* Base */ = {isa = PBXFileReference; lastKnownFileType = file.storyboard; name = Base; path = Base.lproj/Main.storyboard; sourceTree = "<group>"; };
		E525AF9F1E95F44B00BAE5C4 /* Assets.xcassets */ = {isa = PBXFileReference; lastKnownFileType = folder.assetcatalog; path = Assets.xcassets; sourceTree = "<group>"; };
		E525AFA21E95F44B00BAE5C4 /* Base */ = {isa = PBXFileReference; lastKnownFileType = file.storyboard; name = Base; path = Base.lproj/LaunchScreen.storyboard; sourceTree = "<group>"; };
		E525AFA41E95F44B00BAE5C4 /* Info.plist */ = {isa = PBXFileReference; lastKnownFileType = text.plist.xml; path = Info.plist; sourceTree = "<group>"; };
		E525AFA91E95F44B00BAE5C4 /* MobileTradingTests.xctest */ = {isa = PBXFileReference; explicitFileType = wrapper.cfbundle; includeInIndex = 0; path = MobileTradingTests.xctest; sourceTree = BUILT_PRODUCTS_DIR; };
		E525AFAD1E95F44B00BAE5C4 /* MobileTradingTests.swift */ = {isa = PBXFileReference; lastKnownFileType = sourcecode.swift; path = MobileTradingTests.swift; sourceTree = "<group>"; };
		E525AFAF1E95F44B00BAE5C4 /* Info.plist */ = {isa = PBXFileReference; lastKnownFileType = text.plist.xml; path = Info.plist; sourceTree = "<group>"; };
		E525AFB41E95F44B00BAE5C4 /* MobileTradingUITests.xctest */ = {isa = PBXFileReference; explicitFileType = wrapper.cfbundle; includeInIndex = 0; path = MobileTradingUITests.xctest; sourceTree = BUILT_PRODUCTS_DIR; };
		E525AFB81E95F44B00BAE5C4 /* MobileTradingUITests.swift */ = {isa = PBXFileReference; lastKnownFileType = sourcecode.swift; path = MobileTradingUITests.swift; sourceTree = "<group>"; };
		E525AFBA1E95F44B00BAE5C4 /* Info.plist */ = {isa = PBXFileReference; lastKnownFileType = text.plist.xml; path = Info.plist; sourceTree = "<group>"; };
		E5906A681E988BA100F696FB /* String+MTExtension.swift */ = {isa = PBXFileReference; fileEncoding = 4; lastKnownFileType = sourcecode.swift; path = "String+MTExtension.swift"; sourceTree = "<group>"; };
		E5906A6A1E988E1400F696FB /* NSObject+MTExtension.swift */ = {isa = PBXFileReference; fileEncoding = 4; lastKnownFileType = sourcecode.swift; path = "NSObject+MTExtension.swift"; sourceTree = "<group>"; };
		E5CABEA11E9682800005933D /* flag-assets.bundle */ = {isa = PBXFileReference; lastKnownFileType = "wrapper.plug-in"; path = "flag-assets.bundle"; sourceTree = "<group>"; };
		E5CABEA31E9682CB0005933D /* FlagKit.swift */ = {isa = PBXFileReference; fileEncoding = 4; lastKnownFileType = sourcecode.swift; path = FlagKit.swift; sourceTree = "<group>"; };
		E5CABEA71E968DF50005933D /* libcompression.tbd */ = {isa = PBXFileReference; lastKnownFileType = "sourcecode.text-based-dylib-definition"; name = libcompression.tbd; path = usr/lib/libcompression.tbd; sourceTree = SDKROOT; };
		E5D7776C1E98CD1E00FCEF2D /* UIWindow+MTExtension.swift */ = {isa = PBXFileReference; fileEncoding = 4; lastKnownFileType = sourcecode.swift; path = "UIWindow+MTExtension.swift"; sourceTree = "<group>"; };
		E5D7776E1E98CDA700FCEF2D /* Realm+MTExtension.swift */ = {isa = PBXFileReference; fileEncoding = 4; lastKnownFileType = sourcecode.swift; path = "Realm+MTExtension.swift"; sourceTree = "<group>"; };
		E5D777701E98D18600FCEF2D /* MobileTrading-Bridging-Header.h */ = {isa = PBXFileReference; lastKnownFileType = sourcecode.c.h; path = "MobileTrading-Bridging-Header.h"; sourceTree = "<group>"; };
		E5D7777B1E993A6500FCEF2D /* Data+Compression.swift */ = {isa = PBXFileReference; fileEncoding = 4; lastKnownFileType = sourcecode.swift; path = "Data+Compression.swift"; sourceTree = "<group>"; };
		E5D7777F1E993B9F00FCEF2D /* Data+CompressionTests.swift */ = {isa = PBXFileReference; fileEncoding = 4; lastKnownFileType = sourcecode.swift; path = "Data+CompressionTests.swift"; sourceTree = "<group>"; };
		E5D777811E993BF900FCEF2D /* String+MTExtensionTests.swift */ = {isa = PBXFileReference; fileEncoding = 4; lastKnownFileType = sourcecode.swift; path = "String+MTExtensionTests.swift"; sourceTree = "<group>"; };
		E5D777871E993C9C00FCEF2D /* GzipTests.xctest */ = {isa = PBXFileReference; explicitFileType = wrapper.cfbundle; includeInIndex = 0; path = GzipTests.xctest; sourceTree = BUILT_PRODUCTS_DIR; };
		E5D7778B1E993C9C00FCEF2D /* Info.plist */ = {isa = PBXFileReference; lastKnownFileType = text.plist.xml; path = Info.plist; sourceTree = "<group>"; };
		E5D777931E993D4400FCEF2D /* GzipTests.swift */ = {isa = PBXFileReference; fileEncoding = 4; lastKnownFileType = sourcecode.swift; name = GzipTests.swift; path = ../../ModulesTests/GzipTests/GzipTests.swift; sourceTree = "<group>"; };
		E5D777941E993D4400FCEF2D /* test.txt.gz */ = {isa = PBXFileReference; lastKnownFileType = archive.gzip; name = test.txt.gz; path = ../../ModulesTests/GzipTests/test.txt.gz; sourceTree = "<group>"; };
		E5D7779B1E99408000FCEF2D /* CryptoSwiftTests.xctest */ = {isa = PBXFileReference; explicitFileType = wrapper.cfbundle; includeInIndex = 0; path = CryptoSwiftTests.xctest; sourceTree = BUILT_PRODUCTS_DIR; };
		E5D7779F1E99408000FCEF2D /* Info.plist */ = {isa = PBXFileReference; lastKnownFileType = text.plist.xml; path = Info.plist; sourceTree = "<group>"; };
		E5D777A51E9940C500FCEF2D /* Access.swift */ = {isa = PBXFileReference; fileEncoding = 4; lastKnownFileType = sourcecode.swift; name = Access.swift; path = ../../ModulesTests/CryptoSwiftTests/Access.swift; sourceTree = "<group>"; };
		E5D777A61E9940C500FCEF2D /* AESTests.swift */ = {isa = PBXFileReference; fileEncoding = 4; lastKnownFileType = sourcecode.swift; name = AESTests.swift; path = ../../ModulesTests/CryptoSwiftTests/AESTests.swift; sourceTree = "<group>"; };
		E5D777A71E9940C500FCEF2D /* BlowfishTests.swift */ = {isa = PBXFileReference; fileEncoding = 4; lastKnownFileType = sourcecode.swift; name = BlowfishTests.swift; path = ../../ModulesTests/CryptoSwiftTests/BlowfishTests.swift; sourceTree = "<group>"; };
		E5D777A81E9940C500FCEF2D /* ChaCha20Tests.swift */ = {isa = PBXFileReference; fileEncoding = 4; lastKnownFileType = sourcecode.swift; name = ChaCha20Tests.swift; path = ../../ModulesTests/CryptoSwiftTests/ChaCha20Tests.swift; sourceTree = "<group>"; };
		E5D777A91E9940C500FCEF2D /* DigestTests.swift */ = {isa = PBXFileReference; fileEncoding = 4; lastKnownFileType = sourcecode.swift; name = DigestTests.swift; path = ../../ModulesTests/CryptoSwiftTests/DigestTests.swift; sourceTree = "<group>"; };
		E5D777AA1E9940C500FCEF2D /* ExtensionsTest.swift */ = {isa = PBXFileReference; fileEncoding = 4; lastKnownFileType = sourcecode.swift; name = ExtensionsTest.swift; path = ../../ModulesTests/CryptoSwiftTests/ExtensionsTest.swift; sourceTree = "<group>"; };
		E5D777AB1E9940C500FCEF2D /* HMACTests.swift */ = {isa = PBXFileReference; fileEncoding = 4; lastKnownFileType = sourcecode.swift; name = HMACTests.swift; path = ../../ModulesTests/CryptoSwiftTests/HMACTests.swift; sourceTree = "<group>"; };
		E5D777AC1E9940C500FCEF2D /* PaddingTests.swift */ = {isa = PBXFileReference; fileEncoding = 4; lastKnownFileType = sourcecode.swift; name = PaddingTests.swift; path = ../../ModulesTests/CryptoSwiftTests/PaddingTests.swift; sourceTree = "<group>"; };
		E5D777AD1E9940C500FCEF2D /* PBKDF.swift */ = {isa = PBXFileReference; fileEncoding = 4; lastKnownFileType = sourcecode.swift; name = PBKDF.swift; path = ../../ModulesTests/CryptoSwiftTests/PBKDF.swift; sourceTree = "<group>"; };
		E5D777AE1E9940C500FCEF2D /* Poly1305Tests.swift */ = {isa = PBXFileReference; fileEncoding = 4; lastKnownFileType = sourcecode.swift; name = Poly1305Tests.swift; path = ../../ModulesTests/CryptoSwiftTests/Poly1305Tests.swift; sourceTree = "<group>"; };
		E5D777AF1E9940C500FCEF2D /* RabbitTests.swift */ = {isa = PBXFileReference; fileEncoding = 4; lastKnownFileType = sourcecode.swift; name = RabbitTests.swift; path = ../../ModulesTests/CryptoSwiftTests/RabbitTests.swift; sourceTree = "<group>"; };
		E5D777B01E9940C500FCEF2D /* RandomBytesSequenceTests.swift */ = {isa = PBXFileReference; fileEncoding = 4; lastKnownFileType = sourcecode.swift; name = RandomBytesSequenceTests.swift; path = ../../ModulesTests/CryptoSwiftTests/RandomBytesSequenceTests.swift; sourceTree = "<group>"; };
		E5D777C11E99414F00FCEF2D /* RNCryptorTests.xctest */ = {isa = PBXFileReference; explicitFileType = wrapper.cfbundle; includeInIndex = 0; path = RNCryptorTests.xctest; sourceTree = BUILT_PRODUCTS_DIR; };
		E5D777C51E99414F00FCEF2D /* Info.plist */ = {isa = PBXFileReference; lastKnownFileType = text.plist.xml; path = Info.plist; sourceTree = "<group>"; };
		E5D777CB1E99418400FCEF2D /* Data.swift */ = {isa = PBXFileReference; fileEncoding = 4; lastKnownFileType = sourcecode.swift; name = Data.swift; path = ../../ModulesTests/RNCryptorTests/Data.swift; sourceTree = "<group>"; };
		E5D777CD1E99418400FCEF2D /* RNCryptorGeneratedVectorTests.swift */ = {isa = PBXFileReference; fileEncoding = 4; lastKnownFileType = sourcecode.swift; path = RNCryptorGeneratedVectorTests.swift; sourceTree = "<group>"; };
		E5D777CE1E99418400FCEF2D /* GenVectorTests */ = {isa = PBXFileReference; fileEncoding = 4; lastKnownFileType = text; name = GenVectorTests; path = ../../ModulesTests/RNCryptorTests/GenVectorTests; sourceTree = "<group>"; };
		E5D777CF1E99418400FCEF2D /* Info.plist */ = {isa = PBXFileReference; fileEncoding = 4; lastKnownFileType = text.plist.xml; name = Info.plist; path = ../../ModulesTests/RNCryptorTests/Info.plist; sourceTree = "<group>"; };
		E5D777D01E99418400FCEF2D /* OverfowingBuffer.swift */ = {isa = PBXFileReference; fileEncoding = 4; lastKnownFileType = sourcecode.swift; name = OverfowingBuffer.swift; path = ../../ModulesTests/RNCryptorTests/OverfowingBuffer.swift; sourceTree = "<group>"; };
		E5D777D11E99418400FCEF2D /* RNCryptorPerformance.swift */ = {isa = PBXFileReference; fileEncoding = 4; lastKnownFileType = sourcecode.swift; name = RNCryptorPerformance.swift; path = ../../ModulesTests/RNCryptorTests/RNCryptorPerformance.swift; sourceTree = "<group>"; };
		E5D777D21E99418400FCEF2D /* RNCryptorTests.swift */ = {isa = PBXFileReference; fileEncoding = 4; lastKnownFileType = sourcecode.swift; name = RNCryptorTests.swift; path = ../../ModulesTests/RNCryptorTests/RNCryptorTests.swift; sourceTree = "<group>"; };
		E5D777D31E99418400FCEF2D /* VectorTestHelpers.swift */ = {isa = PBXFileReference; fileEncoding = 4; lastKnownFileType = sourcecode.swift; name = VectorTestHelpers.swift; path = ../../ModulesTests/RNCryptorTests/VectorTestHelpers.swift; sourceTree = "<group>"; };
		E5D777E21E994F3400FCEF2D /* CountryPicker.swift */ = {isa = PBXFileReference; fileEncoding = 4; lastKnownFileType = sourcecode.swift; path = CountryPicker.swift; sourceTree = "<group>"; };
		E5D777E31E994F3400FCEF2D /* CountryView.swift */ = {isa = PBXFileReference; fileEncoding = 4; lastKnownFileType = sourcecode.swift; path = CountryView.swift; sourceTree = "<group>"; };
		E5D777E41E994F3400FCEF2D /* CountryView.xib */ = {isa = PBXFileReference; fileEncoding = 4; lastKnownFileType = file.xib; path = CountryView.xib; sourceTree = "<group>"; };
		E5D777EC1E99CA3200FCEF2D /* ZipTests.xctest */ = {isa = PBXFileReference; explicitFileType = wrapper.cfbundle; includeInIndex = 0; path = ZipTests.xctest; sourceTree = BUILT_PRODUCTS_DIR; };
		E5D777F01E99CA3200FCEF2D /* Info.plist */ = {isa = PBXFileReference; lastKnownFileType = text.plist.xml; path = Info.plist; sourceTree = "<group>"; };
		E5D777F61E99CB6500FCEF2D /* bb8.zip */ = {isa = PBXFileReference; lastKnownFileType = archive.zip; name = bb8.zip; path = ../../ModulesTests/ZipTests/bb8.zip; sourceTree = "<group>"; };
		E5D777F81E99CB6500FCEF2D /* 3crBXeO.gif */ = {isa = PBXFileReference; lastKnownFileType = image.gif; path = 3crBXeO.gif; sourceTree = "<group>"; };
		E5D777F91E99CB6500FCEF2D /* kYkLkPf.gif */ = {isa = PBXFileReference; lastKnownFileType = image.gif; path = kYkLkPf.gif; sourceTree = "<group>"; };
		E5D777FA1E99CB6500FCEF2D /* permissions.zip */ = {isa = PBXFileReference; lastKnownFileType = archive.zip; name = permissions.zip; path = ../../ModulesTests/ZipTests/permissions.zip; sourceTree = "<group>"; };
		E5D777FB1E99CB6500FCEF2D /* unsupported_permissions.zip */ = {isa = PBXFileReference; lastKnownFileType = archive.zip; name = unsupported_permissions.zip; path = ../../ModulesTests/ZipTests/unsupported_permissions.zip; sourceTree = "<group>"; };
		E5D777FC1E99CB6500FCEF2D /* ZipTests.swift */ = {isa = PBXFileReference; fileEncoding = 4; lastKnownFileType = sourcecode.swift; name = ZipTests.swift; path = ../../ModulesTests/ZipTests/ZipTests.swift; sourceTree = "<group>"; };
		E5E247901E9BC8160063D4B8 /* SSZipArchiveTests.xctest */ = {isa = PBXFileReference; explicitFileType = wrapper.cfbundle; includeInIndex = 0; path = SSZipArchiveTests.xctest; sourceTree = BUILT_PRODUCTS_DIR; };
		E5E247941E9BC8160063D4B8 /* Info.plist */ = {isa = PBXFileReference; lastKnownFileType = text.plist.xml; path = Info.plist; sourceTree = "<group>"; };
		E5E2479A1E9BC9760063D4B8 /* CollectingDelegate.h */ = {isa = PBXFileReference; fileEncoding = 4; lastKnownFileType = sourcecode.c.h; name = CollectingDelegate.h; path = ../../ModulesTests/SSZipArchiveTests/CollectingDelegate.h; sourceTree = "<group>"; };
		E5E2479B1E9BC9760063D4B8 /* CollectingDelegate.m */ = {isa = PBXFileReference; fileEncoding = 4; lastKnownFileType = sourcecode.c.objc; name = CollectingDelegate.m; path = ../../ModulesTests/SSZipArchiveTests/CollectingDelegate.m; sourceTree = "<group>"; };
		E5E2479E1E9BC9F30063D4B8 /* hello.zip */ = {isa = PBXFileReference; lastKnownFileType = archive.zip; path = hello.zip; sourceTree = "<group>"; };
		E5E2479F1E9BC9F30063D4B8 /* IncorrectHeaders.zip */ = {isa = PBXFileReference; lastKnownFileType = archive.zip; path = IncorrectHeaders.zip; sourceTree = "<group>"; };
		E5E247A01E9BC9F30063D4B8 /* PermissionsTestApp.app */ = {isa = PBXFileReference; lastKnownFileType = wrapper.application; path = PermissionsTestApp.app; sourceTree = "<group>"; };
		E5E247A11E9BC9F30063D4B8 /* RelativeSymbolicLink.zip */ = {isa = PBXFileReference; lastKnownFileType = archive.zip; path = RelativeSymbolicLink.zip; sourceTree = "<group>"; };
		E5E247A21E9BC9F30063D4B8 /* SymbolicLink.zip */ = {isa = PBXFileReference; lastKnownFileType = archive.zip; path = SymbolicLink.zip; sourceTree = "<group>"; };
		E5E247A31E9BC9F30063D4B8 /* TestArchive.zip */ = {isa = PBXFileReference; lastKnownFileType = archive.zip; path = TestArchive.zip; sourceTree = "<group>"; };
		E5E247A41E9BC9F30063D4B8 /* TestPasswordArchive.zip */ = {isa = PBXFileReference; lastKnownFileType = archive.zip; path = TestPasswordArchive.zip; sourceTree = "<group>"; };
		E5E247A51E9BC9F30063D4B8 /* Unicode.zip */ = {isa = PBXFileReference; lastKnownFileType = archive.zip; path = Unicode.zip; sourceTree = "<group>"; };
		E5E247A71E9BC9F30063D4B8 /* 0.m4a */ = {isa = PBXFileReference; lastKnownFileType = file; path = 0.m4a; sourceTree = "<group>"; };
		E5E247A81E9BC9F30063D4B8 /* 1.m4a */ = {isa = PBXFileReference; lastKnownFileType = file; path = 1.m4a; sourceTree = "<group>"; };
		E5E247A91E9BC9F30063D4B8 /* 2.m4a */ = {isa = PBXFileReference; lastKnownFileType = file; path = 2.m4a; sourceTree = "<group>"; };
		E5E247AA1E9BC9F30063D4B8 /* 3.m4a */ = {isa = PBXFileReference; lastKnownFileType = file; path = 3.m4a; sourceTree = "<group>"; };
		E5E247AB1E9BC9F30063D4B8 /* 4.m4a */ = {isa = PBXFileReference; lastKnownFileType = file; path = 4.m4a; sourceTree = "<group>"; };
		E5E247AC1E9BC9F30063D4B8 /* 5.m4a */ = {isa = PBXFileReference; lastKnownFileType = file; path = 5.m4a; sourceTree = "<group>"; };
		E5E247AD1E9BC9F30063D4B8 /* 6.m4a */ = {isa = PBXFileReference; lastKnownFileType = file; path = 6.m4a; sourceTree = "<group>"; };
		E5E247AE1E9BC9F30063D4B8 /* 7.m4a */ = {isa = PBXFileReference; lastKnownFileType = file; path = 7.m4a; sourceTree = "<group>"; };
		E5E247AF1E9BC9F30063D4B8 /* SSZipArchiveTests.m */ = {isa = PBXFileReference; fileEncoding = 4; lastKnownFileType = sourcecode.c.objc; name = SSZipArchiveTests.m; path = ../../ModulesTests/SSZipArchiveTests/SSZipArchiveTests.m; sourceTree = "<group>"; };
		EA018931CC0636C16C79393E /* Pods-GzipTests.release.xcconfig */ = {isa = PBXFileReference; includeInIndex = 1; lastKnownFileType = text.xcconfig; name = "Pods-GzipTests.release.xcconfig"; path = "Pods/Target Support Files/Pods-GzipTests/Pods-GzipTests.release.xcconfig"; sourceTree = "<group>"; };
		EDDDBDB3D6558321B3B42B05 /* Pods-MobileTrading.debug.xcconfig */ = {isa = PBXFileReference; includeInIndex = 1; lastKnownFileType = text.xcconfig; name = "Pods-MobileTrading.debug.xcconfig"; path = "Pods/Target Support Files/Pods-MobileTrading/Pods-MobileTrading.debug.xcconfig"; sourceTree = "<group>"; };
		FAD3A2514DE8E65672C9F0DE /* Pods-MobileTrading.release.xcconfig */ = {isa = PBXFileReference; includeInIndex = 1; lastKnownFileType = text.xcconfig; name = "Pods-MobileTrading.release.xcconfig"; path = "Pods/Target Support Files/Pods-MobileTrading/Pods-MobileTrading.release.xcconfig"; sourceTree = "<group>"; };
/* End PBXFileReference section */

/* Begin PBXFrameworksBuildPhase section */
		E525AF921E95F44B00BAE5C4 /* Frameworks */ = {
			isa = PBXFrameworksBuildPhase;
			buildActionMask = 2147483647;
			files = (
				E5CABEA81E968DF50005933D /* libcompression.tbd in Frameworks */,
				2E5ABE482C1AA74FE51A4E55 /* Pods_MobileTrading.framework in Frameworks */,
			);
			runOnlyForDeploymentPostprocessing = 0;
		};
		E525AFA61E95F44B00BAE5C4 /* Frameworks */ = {
			isa = PBXFrameworksBuildPhase;
			buildActionMask = 2147483647;
			files = (
				0AFB905ECE9E2ECCB8FFAEE6 /* Pods_MobileTradingTests.framework in Frameworks */,
			);
			runOnlyForDeploymentPostprocessing = 0;
		};
		E525AFB11E95F44B00BAE5C4 /* Frameworks */ = {
			isa = PBXFrameworksBuildPhase;
			buildActionMask = 2147483647;
			files = (
				D91E6B06D5E3CBA63D0B05AC /* Pods_MobileTradingUITests.framework in Frameworks */,
			);
			runOnlyForDeploymentPostprocessing = 0;
		};
		E5D777841E993C9C00FCEF2D /* Frameworks */ = {
			isa = PBXFrameworksBuildPhase;
			buildActionMask = 2147483647;
			files = (
				E278022497EF7FEB10C1690D /* Pods_GzipTests.framework in Frameworks */,
			);
			runOnlyForDeploymentPostprocessing = 0;
		};
		E5D777981E99408000FCEF2D /* Frameworks */ = {
			isa = PBXFrameworksBuildPhase;
			buildActionMask = 2147483647;
			files = (
				D3D9B66707E4BD52B51E0623 /* Pods_CryptoSwiftTests.framework in Frameworks */,
			);
			runOnlyForDeploymentPostprocessing = 0;
		};
		E5D777BE1E99414F00FCEF2D /* Frameworks */ = {
			isa = PBXFrameworksBuildPhase;
			buildActionMask = 2147483647;
			files = (
				C65CFFF2EA1CB036CB5E206C /* Pods_RNCryptorTests.framework in Frameworks */,
			);
			runOnlyForDeploymentPostprocessing = 0;
		};
		E5D777E91E99CA3200FCEF2D /* Frameworks */ = {
			isa = PBXFrameworksBuildPhase;
			buildActionMask = 2147483647;
			files = (
				DE06D1D41F94D1F1F57E08F7 /* Pods_ZipTests.framework in Frameworks */,
			);
			runOnlyForDeploymentPostprocessing = 0;
		};
		E5E2478D1E9BC8160063D4B8 /* Frameworks */ = {
			isa = PBXFrameworksBuildPhase;
			buildActionMask = 2147483647;
			files = (
				CBECA249A20BD07BEF56ADA5 /* Pods_SSZipArchiveTests.framework in Frameworks */,
			);
			runOnlyForDeploymentPostprocessing = 0;
		};
/* End PBXFrameworksBuildPhase section */

/* Begin PBXGroup section */
		89CF864E07D31887339EEC15 /* Pods */ = {
			isa = PBXGroup;
			children = (
				EDDDBDB3D6558321B3B42B05 /* Pods-MobileTrading.debug.xcconfig */,
				FAD3A2514DE8E65672C9F0DE /* Pods-MobileTrading.release.xcconfig */,
				5A065D63AFBE785C70DE7E57 /* Pods-MobileTradingTests.debug.xcconfig */,
				C11BBCA374566E04C8D07A3D /* Pods-MobileTradingTests.release.xcconfig */,
				29417CDCA19910BE815E66A0 /* Pods-MobileTradingUITests.debug.xcconfig */,
				A2DD4CFEA59EEBC1811953FA /* Pods-MobileTradingUITests.release.xcconfig */,
				0D130D6EDEAD79F09F99B354 /* Pods-GzipTests.debug.xcconfig */,
				EA018931CC0636C16C79393E /* Pods-GzipTests.release.xcconfig */,
				379A6DB7A862417F1BF7B303 /* Pods-CryptoSwiftTests.debug.xcconfig */,
				C8EB20F4F0C5BC5C953FF2D9 /* Pods-CryptoSwiftTests.release.xcconfig */,
				71D3A1ECC598965B0F95C340 /* Pods-RNCryptorTests.debug.xcconfig */,
				C3DDACF4E2310733FA098DA5 /* Pods-RNCryptorTests.release.xcconfig */,
				4F2AD3DB7890C7B01663C08B /* Pods-ZipTests.debug.xcconfig */,
				C2B18D6A0D55A06E419C05E0 /* Pods-ZipTests.release.xcconfig */,
				9E648F8D79868BAD3818B94D /* Pods-SSZipArchiveTests.debug.xcconfig */,
				9300C9217DC7208D8EC598E4 /* Pods-SSZipArchiveTests.release.xcconfig */,
			);
			name = Pods;
			sourceTree = "<group>";
		};
		D3BFF14FF0403CBE4EC2F357 /* Frameworks */ = {
			isa = PBXGroup;
			children = (
				E5CABEA71E968DF50005933D /* libcompression.tbd */,
				E2501F4CB39FCC850C7C4425 /* Pods_MobileTrading.framework */,
				1C90458373B480566F5CB5D9 /* Pods_MobileTradingTests.framework */,
				5CC78CDF92091C2875F5416A /* Pods_MobileTradingUITests.framework */,
				A5D81FD2B692B074C5CF3D98 /* Pods_GzipTests.framework */,
				1D0B652C2E82F8D3E62D2995 /* Pods_CryptoSwiftTests.framework */,
				C09F3500A6583A94E71351FB /* Pods_RNCryptorTests.framework */,
				174711E5EA32688B3D07A995 /* Pods_ZipTests.framework */,
				9C93F12940B2AE57D5244BEE /* Pods_SSZipArchiveTests.framework */,
			);
			name = Frameworks;
			sourceTree = "<group>";
		};
		E525AF8C1E95F44B00BAE5C4 = {
			isa = PBXGroup;
			children = (
				E5CABE9E1E96824D0005933D /* Libs */,
				E525AF971E95F44B00BAE5C4 /* MobileTrading */,
				E525AFAC1E95F44B00BAE5C4 /* MobileTradingTests */,
				E525AFB71E95F44B00BAE5C4 /* MobileTradingUITests */,
				E5D777881E993C9C00FCEF2D /* GzipTests */,
				E5D7779C1E99408000FCEF2D /* CryptoSwiftTests */,
				E5D777C21E99414F00FCEF2D /* RNCryptorTests */,
				E5D777ED1E99CA3200FCEF2D /* ZipTests */,
				E5E247911E9BC8160063D4B8 /* SSZipArchiveTests */,
				E525AF961E95F44B00BAE5C4 /* Products */,
				89CF864E07D31887339EEC15 /* Pods */,
				D3BFF14FF0403CBE4EC2F357 /* Frameworks */,
				E5D777701E98D18600FCEF2D /* MobileTrading-Bridging-Header.h */,
			);
			sourceTree = "<group>";
		};
		E525AF961E95F44B00BAE5C4 /* Products */ = {
			isa = PBXGroup;
			children = (
				E525AF951E95F44B00BAE5C4 /* MobileTrading.app */,
				E525AFA91E95F44B00BAE5C4 /* MobileTradingTests.xctest */,
				E525AFB41E95F44B00BAE5C4 /* MobileTradingUITests.xctest */,
				E5D777871E993C9C00FCEF2D /* GzipTests.xctest */,
				E5D7779B1E99408000FCEF2D /* CryptoSwiftTests.xctest */,
				E5D777C11E99414F00FCEF2D /* RNCryptorTests.xctest */,
				E5D777EC1E99CA3200FCEF2D /* ZipTests.xctest */,
				E5E247901E9BC8160063D4B8 /* SSZipArchiveTests.xctest */,
			);
			name = Products;
			sourceTree = "<group>";
		};
		E525AF971E95F44B00BAE5C4 /* MobileTrading */ = {
			isa = PBXGroup;
			children = (
				E525AF981E95F44B00BAE5C4 /* AppDelegate.swift */,
				E525AF9A1E95F44B00BAE5C4 /* ViewController.swift */,
				E525AF9C1E95F44B00BAE5C4 /* Main.storyboard */,
				E525AF9F1E95F44B00BAE5C4 /* Assets.xcassets */,
				E525AFA11E95F44B00BAE5C4 /* LaunchScreen.storyboard */,
				E525AFA41E95F44B00BAE5C4 /* Info.plist */,
			);
			path = MobileTrading;
			sourceTree = "<group>";
		};
		E525AFAC1E95F44B00BAE5C4 /* MobileTradingTests */ = {
			isa = PBXGroup;
			children = (
				E59069FC1E9873E000F696FB /* ModulesTests */,
				E525AFAD1E95F44B00BAE5C4 /* MobileTradingTests.swift */,
				E525AFAF1E95F44B00BAE5C4 /* Info.plist */,
			);
			path = MobileTradingTests;
			sourceTree = "<group>";
		};
		E525AFB71E95F44B00BAE5C4 /* MobileTradingUITests */ = {
			isa = PBXGroup;
			children = (
				E525AFB81E95F44B00BAE5C4 /* MobileTradingUITests.swift */,
				E525AFBA1E95F44B00BAE5C4 /* Info.plist */,
			);
			path = MobileTradingUITests;
			sourceTree = "<group>";
		};
		E59069FC1E9873E000F696FB /* ModulesTests */ = {
			isa = PBXGroup;
			children = (
				E5D7777E1E993B7900FCEF2D /* ExtensionTests */,
			);
			name = ModulesTests;
			path = ../../ModulesTests;
			sourceTree = "<group>";
		};
		E5906A671E988AB000F696FB /* Extensions */ = {
			isa = PBXGroup;
			children = (
				E5906A681E988BA100F696FB /* String+MTExtension.swift */,
				E5906A6A1E988E1400F696FB /* NSObject+MTExtension.swift */,
				E5D7776C1E98CD1E00FCEF2D /* UIWindow+MTExtension.swift */,
				E5D7776E1E98CDA700FCEF2D /* Realm+MTExtension.swift */,
				E5D7777B1E993A6500FCEF2D /* Data+Compression.swift */,
			);
			path = Extensions;
			sourceTree = "<group>";
		};
		E5CABE9E1E96824D0005933D /* Libs */ = {
			isa = PBXGroup;
			children = (
				E5CABE9F1E9682800005933D /* Modules */,
			);
			name = Libs;
			sourceTree = "<group>";
		};
		E5CABE9F1E9682800005933D /* Modules */ = {
			isa = PBXGroup;
			children = (
				E5906A671E988AB000F696FB /* Extensions */,
				E5CABEA01E9682800005933D /* FlagKit */,
			);
			name = Modules;
			path = ../Modules;
			sourceTree = "<group>";
		};
		E5CABEA01E9682800005933D /* FlagKit */ = {
			isa = PBXGroup;
			children = (
				E5D777E21E994F3400FCEF2D /* CountryPicker.swift */,
				E5D777E31E994F3400FCEF2D /* CountryView.swift */,
				E5D777E41E994F3400FCEF2D /* CountryView.xib */,
				E5CABEA11E9682800005933D /* flag-assets.bundle */,
				E5CABEA31E9682CB0005933D /* FlagKit.swift */,
			);
			path = FlagKit;
			sourceTree = "<group>";
		};
		E5D7777E1E993B7900FCEF2D /* ExtensionTests */ = {
			isa = PBXGroup;
			children = (
				E5D7777F1E993B9F00FCEF2D /* Data+CompressionTests.swift */,
				E5D777811E993BF900FCEF2D /* String+MTExtensionTests.swift */,
			);
			path = ExtensionTests;
			sourceTree = "<group>";
		};
		E5D777881E993C9C00FCEF2D /* GzipTests */ = {
			isa = PBXGroup;
			children = (
				E5D777931E993D4400FCEF2D /* GzipTests.swift */,
				E5D777941E993D4400FCEF2D /* test.txt.gz */,
				E5D7778B1E993C9C00FCEF2D /* Info.plist */,
			);
			path = GzipTests;
			sourceTree = "<group>";
		};
		E5D7779C1E99408000FCEF2D /* CryptoSwiftTests */ = {
			isa = PBXGroup;
			children = (
				E5D777A51E9940C500FCEF2D /* Access.swift */,
				E5D777A61E9940C500FCEF2D /* AESTests.swift */,
				E5D777A71E9940C500FCEF2D /* BlowfishTests.swift */,
				E5D777A81E9940C500FCEF2D /* ChaCha20Tests.swift */,
				E5D777A91E9940C500FCEF2D /* DigestTests.swift */,
				E5D777AA1E9940C500FCEF2D /* ExtensionsTest.swift */,
				E5D777AB1E9940C500FCEF2D /* HMACTests.swift */,
				E5D777AC1E9940C500FCEF2D /* PaddingTests.swift */,
				E5D777AD1E9940C500FCEF2D /* PBKDF.swift */,
				E5D777AE1E9940C500FCEF2D /* Poly1305Tests.swift */,
				E5D777AF1E9940C500FCEF2D /* RabbitTests.swift */,
				E5D777B01E9940C500FCEF2D /* RandomBytesSequenceTests.swift */,
				E5D7779F1E99408000FCEF2D /* Info.plist */,
			);
			path = CryptoSwiftTests;
			sourceTree = "<group>";
		};
		E5D777C21E99414F00FCEF2D /* RNCryptorTests */ = {
			isa = PBXGroup;
			children = (
				E5D777CB1E99418400FCEF2D /* Data.swift */,
				E5D777CC1E99418400FCEF2D /* GeneratedTests */,
				E5D777CE1E99418400FCEF2D /* GenVectorTests */,
				E5D777CF1E99418400FCEF2D /* Info.plist */,
				E5D777D01E99418400FCEF2D /* OverfowingBuffer.swift */,
				E5D777D11E99418400FCEF2D /* RNCryptorPerformance.swift */,
				E5D777D21E99418400FCEF2D /* RNCryptorTests.swift */,
				E5D777D31E99418400FCEF2D /* VectorTestHelpers.swift */,
				E5D777C51E99414F00FCEF2D /* Info.plist */,
			);
			path = RNCryptorTests;
			sourceTree = "<group>";
		};
		E5D777CC1E99418400FCEF2D /* GeneratedTests */ = {
			isa = PBXGroup;
			children = (
				E5D777CD1E99418400FCEF2D /* RNCryptorGeneratedVectorTests.swift */,
			);
			name = GeneratedTests;
			path = ../../ModulesTests/RNCryptorTests/GeneratedTests;
			sourceTree = "<group>";
		};
		E5D777ED1E99CA3200FCEF2D /* ZipTests */ = {
			isa = PBXGroup;
			children = (
				E5D777F61E99CB6500FCEF2D /* bb8.zip */,
				E5D777F71E99CB6500FCEF2D /* Images */,
				E5D777FA1E99CB6500FCEF2D /* permissions.zip */,
				E5D777FB1E99CB6500FCEF2D /* unsupported_permissions.zip */,
				E5D777FC1E99CB6500FCEF2D /* ZipTests.swift */,
				E5D777F01E99CA3200FCEF2D /* Info.plist */,
			);
			path = ZipTests;
			sourceTree = "<group>";
		};
		E5D777F71E99CB6500FCEF2D /* Images */ = {
			isa = PBXGroup;
			children = (
				E5D777F81E99CB6500FCEF2D /* 3crBXeO.gif */,
				E5D777F91E99CB6500FCEF2D /* kYkLkPf.gif */,
			);
			name = Images;
			path = ../../ModulesTests/ZipTests/Images;
			sourceTree = "<group>";
		};
		E5E247911E9BC8160063D4B8 /* SSZipArchiveTests */ = {
			isa = PBXGroup;
			children = (
				E5E2479D1E9BC9F30063D4B8 /* Fixtures */,
				E5E247A61E9BC9F30063D4B8 /* Multi_Zip_Test */,
				E5E247AF1E9BC9F30063D4B8 /* SSZipArchiveTests.m */,
				E5E2479A1E9BC9760063D4B8 /* CollectingDelegate.h */,
				E5E2479B1E9BC9760063D4B8 /* CollectingDelegate.m */,
				E5E247941E9BC8160063D4B8 /* Info.plist */,
			);
			path = SSZipArchiveTests;
			sourceTree = "<group>";
		};
		E5E2479D1E9BC9F30063D4B8 /* Fixtures */ = {
			isa = PBXGroup;
			children = (
				E5E2479E1E9BC9F30063D4B8 /* hello.zip */,
				E5E2479F1E9BC9F30063D4B8 /* IncorrectHeaders.zip */,
				E5E247A01E9BC9F30063D4B8 /* PermissionsTestApp.app */,
				E5E247A11E9BC9F30063D4B8 /* RelativeSymbolicLink.zip */,
				E5E247A21E9BC9F30063D4B8 /* SymbolicLink.zip */,
				E5E247A31E9BC9F30063D4B8 /* TestArchive.zip */,
				E5E247A41E9BC9F30063D4B8 /* TestPasswordArchive.zip */,
				E5E247A51E9BC9F30063D4B8 /* Unicode.zip */,
			);
			name = Fixtures;
			path = ../../ModulesTests/SSZipArchiveTests/Fixtures;
			sourceTree = "<group>";
		};
		E5E247A61E9BC9F30063D4B8 /* Multi_Zip_Test */ = {
			isa = PBXGroup;
			children = (
				E5E247A71E9BC9F30063D4B8 /* 0.m4a */,
				E5E247A81E9BC9F30063D4B8 /* 1.m4a */,
				E5E247A91E9BC9F30063D4B8 /* 2.m4a */,
				E5E247AA1E9BC9F30063D4B8 /* 3.m4a */,
				E5E247AB1E9BC9F30063D4B8 /* 4.m4a */,
				E5E247AC1E9BC9F30063D4B8 /* 5.m4a */,
				E5E247AD1E9BC9F30063D4B8 /* 6.m4a */,
				E5E247AE1E9BC9F30063D4B8 /* 7.m4a */,
			);
			name = Multi_Zip_Test;
			path = ../../ModulesTests/SSZipArchiveTests/Multi_Zip_Test;
			sourceTree = "<group>";
		};
/* End PBXGroup section */

/* Begin PBXNativeTarget section */
		E525AF941E95F44B00BAE5C4 /* MobileTrading */ = {
			isa = PBXNativeTarget;
			buildConfigurationList = E525AFBD1E95F44B00BAE5C4 /* Build configuration list for PBXNativeTarget "MobileTrading" */;
			buildPhases = (
				1E887E58D27012DDD98CD629 /* [CP] Check Pods Manifest.lock */,
				E525AF911E95F44B00BAE5C4 /* Sources */,
				E525AF921E95F44B00BAE5C4 /* Frameworks */,
				E525AF931E95F44B00BAE5C4 /* Resources */,
				2BD5A2EF689B8FB4DD13B046 /* [CP] Embed Pods Frameworks */,
				BFB5FC91C08AD1C404FAB876 /* [CP] Copy Pods Resources */,
			);
			buildRules = (
			);
			dependencies = (
			);
			name = MobileTrading;
			productName = MobileTrading;
			productReference = E525AF951E95F44B00BAE5C4 /* MobileTrading.app */;
			productType = "com.apple.product-type.application";
		};
		E525AFA81E95F44B00BAE5C4 /* MobileTradingTests */ = {
			isa = PBXNativeTarget;
			buildConfigurationList = E525AFC01E95F44B00BAE5C4 /* Build configuration list for PBXNativeTarget "MobileTradingTests" */;
			buildPhases = (
				2861F4318BCA6E72349FF7AE /* [CP] Check Pods Manifest.lock */,
				E525AFA51E95F44B00BAE5C4 /* Sources */,
				E525AFA61E95F44B00BAE5C4 /* Frameworks */,
				E525AFA71E95F44B00BAE5C4 /* Resources */,
				3751F6C0FFF8A8F348D57D7B /* [CP] Embed Pods Frameworks */,
				68305B45089444DC1E4BA3FA /* [CP] Copy Pods Resources */,
			);
			buildRules = (
			);
			dependencies = (
				E525AFAB1E95F44B00BAE5C4 /* PBXTargetDependency */,
			);
			name = MobileTradingTests;
			productName = MobileTradingTests;
			productReference = E525AFA91E95F44B00BAE5C4 /* MobileTradingTests.xctest */;
			productType = "com.apple.product-type.bundle.unit-test";
		};
		E525AFB31E95F44B00BAE5C4 /* MobileTradingUITests */ = {
			isa = PBXNativeTarget;
			buildConfigurationList = E525AFC31E95F44B00BAE5C4 /* Build configuration list for PBXNativeTarget "MobileTradingUITests" */;
			buildPhases = (
				EE21055E4740D183175B1C1A /* [CP] Check Pods Manifest.lock */,
				E525AFB01E95F44B00BAE5C4 /* Sources */,
				E525AFB11E95F44B00BAE5C4 /* Frameworks */,
				E525AFB21E95F44B00BAE5C4 /* Resources */,
				63AEC36C96805B9A046779D7 /* [CP] Embed Pods Frameworks */,
				95DAFEE8CD27648FD1DB0A5F /* [CP] Copy Pods Resources */,
			);
			buildRules = (
			);
			dependencies = (
				E525AFB61E95F44B00BAE5C4 /* PBXTargetDependency */,
			);
			name = MobileTradingUITests;
			productName = MobileTradingUITests;
			productReference = E525AFB41E95F44B00BAE5C4 /* MobileTradingUITests.xctest */;
			productType = "com.apple.product-type.bundle.ui-testing";
		};
		E5D777861E993C9C00FCEF2D /* GzipTests */ = {
			isa = PBXNativeTarget;
			buildConfigurationList = E5D7778E1E993C9C00FCEF2D /* Build configuration list for PBXNativeTarget "GzipTests" */;
			buildPhases = (
				3E6DC306A03CDAF3C350BBB8 /* [CP] Check Pods Manifest.lock */,
				E5D777831E993C9C00FCEF2D /* Sources */,
				E5D777841E993C9C00FCEF2D /* Frameworks */,
				E5D777851E993C9C00FCEF2D /* Resources */,
				1531B631EFCF3E03CE06F07E /* [CP] Embed Pods Frameworks */,
				C7BA388D5F24AF73CD8FE7C5 /* [CP] Copy Pods Resources */,
			);
			buildRules = (
			);
			dependencies = (
				E5D7778D1E993C9C00FCEF2D /* PBXTargetDependency */,
			);
			name = GzipTests;
			productName = GzipTests;
			productReference = E5D777871E993C9C00FCEF2D /* GzipTests.xctest */;
			productType = "com.apple.product-type.bundle.unit-test";
		};
		E5D7779A1E99408000FCEF2D /* CryptoSwiftTests */ = {
			isa = PBXNativeTarget;
			buildConfigurationList = E5D777A21E99408000FCEF2D /* Build configuration list for PBXNativeTarget "CryptoSwiftTests" */;
			buildPhases = (
				EEF52A984B28BD705272A070 /* [CP] Check Pods Manifest.lock */,
				E5D777971E99408000FCEF2D /* Sources */,
				E5D777981E99408000FCEF2D /* Frameworks */,
				E5D777991E99408000FCEF2D /* Resources */,
				5D987AE125AF02F309A52DEB /* [CP] Embed Pods Frameworks */,
				A115240BE1EC5AAA9A604C2F /* [CP] Copy Pods Resources */,
			);
			buildRules = (
			);
			dependencies = (
				E5D777A11E99408000FCEF2D /* PBXTargetDependency */,
			);
			name = CryptoSwiftTests;
			productName = CryptoSwiftTests;
			productReference = E5D7779B1E99408000FCEF2D /* CryptoSwiftTests.xctest */;
			productType = "com.apple.product-type.bundle.unit-test";
		};
		E5D777C01E99414F00FCEF2D /* RNCryptorTests */ = {
			isa = PBXNativeTarget;
			buildConfigurationList = E5D777C81E99414F00FCEF2D /* Build configuration list for PBXNativeTarget "RNCryptorTests" */;
			buildPhases = (
				93FD2F1E7397E3048EAEEF48 /* [CP] Check Pods Manifest.lock */,
				E5D777BD1E99414F00FCEF2D /* Sources */,
				E5D777BE1E99414F00FCEF2D /* Frameworks */,
				E5D777BF1E99414F00FCEF2D /* Resources */,
				955125712DA2DF52FA23C8AB /* [CP] Embed Pods Frameworks */,
				5896B8F725D20322531CD2B2 /* [CP] Copy Pods Resources */,
			);
			buildRules = (
			);
			dependencies = (
				E5D777C71E99414F00FCEF2D /* PBXTargetDependency */,
			);
			name = RNCryptorTests;
			productName = RNCryptorTests;
			productReference = E5D777C11E99414F00FCEF2D /* RNCryptorTests.xctest */;
			productType = "com.apple.product-type.bundle.unit-test";
		};
		E5D777EB1E99CA3200FCEF2D /* ZipTests */ = {
			isa = PBXNativeTarget;
			buildConfigurationList = E5D777F31E99CA3200FCEF2D /* Build configuration list for PBXNativeTarget "ZipTests" */;
			buildPhases = (
				203911664F8F1D8AEDA55562 /* [CP] Check Pods Manifest.lock */,
				E5D777E81E99CA3200FCEF2D /* Sources */,
				E5D777E91E99CA3200FCEF2D /* Frameworks */,
				E5D777EA1E99CA3200FCEF2D /* Resources */,
				D886B8FD9EBCA4E8CA531AFA /* [CP] Embed Pods Frameworks */,
				CC75FAE0A97914FC8EEBFFB5 /* [CP] Copy Pods Resources */,
			);
			buildRules = (
			);
			dependencies = (
				E5D777F21E99CA3200FCEF2D /* PBXTargetDependency */,
			);
			name = ZipTests;
			productName = ZipTests;
			productReference = E5D777EC1E99CA3200FCEF2D /* ZipTests.xctest */;
			productType = "com.apple.product-type.bundle.unit-test";
		};
		E5E2478F1E9BC8160063D4B8 /* SSZipArchiveTests */ = {
			isa = PBXNativeTarget;
			buildConfigurationList = E5E247991E9BC8160063D4B8 /* Build configuration list for PBXNativeTarget "SSZipArchiveTests" */;
			buildPhases = (
				FF59692E969015B02E5F1F2B /* [CP] Check Pods Manifest.lock */,
				E5E2478C1E9BC8160063D4B8 /* Sources */,
				E5E2478D1E9BC8160063D4B8 /* Frameworks */,
				E5E2478E1E9BC8160063D4B8 /* Resources */,
				8202450C54197C09E75ECF5B /* [CP] Embed Pods Frameworks */,
				34E290904B237BCB4A160D65 /* [CP] Copy Pods Resources */,
			);
			buildRules = (
			);
			dependencies = (
				E5E247961E9BC8160063D4B8 /* PBXTargetDependency */,
			);
			name = SSZipArchiveTests;
			productName = SSZipArchiveTests;
			productReference = E5E247901E9BC8160063D4B8 /* SSZipArchiveTests.xctest */;
			productType = "com.apple.product-type.bundle.unit-test";
		};
/* End PBXNativeTarget section */

/* Begin PBXProject section */
		E525AF8D1E95F44B00BAE5C4 /* Project object */ = {
			isa = PBXProject;
			attributes = {
				LastSwiftUpdateCheck = 0830;
				LastUpgradeCheck = 0830;
				ORGANIZATIONNAME = AHDEnglish;
				TargetAttributes = {
					E525AF941E95F44B00BAE5C4 = {
						CreatedOnToolsVersion = 8.3;
						LastSwiftMigration = 0830;
						ProvisioningStyle = Automatic;
					};
					E525AFA81E95F44B00BAE5C4 = {
						CreatedOnToolsVersion = 8.3;
						DevelopmentTeam = C2MD5G6WC2;
						ProvisioningStyle = Automatic;
						TestTargetID = E525AF941E95F44B00BAE5C4;
					};
					E525AFB31E95F44B00BAE5C4 = {
						CreatedOnToolsVersion = 8.3;
						DevelopmentTeam = C2MD5G6WC2;
						ProvisioningStyle = Automatic;
						TestTargetID = E525AF941E95F44B00BAE5C4;
					};
					E5D777861E993C9C00FCEF2D = {
						CreatedOnToolsVersion = 8.3;
						DevelopmentTeam = C2MD5G6WC2;
						LastSwiftMigration = 0830;
						ProvisioningStyle = Automatic;
						TestTargetID = E525AF941E95F44B00BAE5C4;
					};
					E5D7779A1E99408000FCEF2D = {
						CreatedOnToolsVersion = 8.3;
						DevelopmentTeam = C2MD5G6WC2;
						LastSwiftMigration = 0830;
						ProvisioningStyle = Automatic;
						TestTargetID = E525AF941E95F44B00BAE5C4;
					};
					E5D777C01E99414F00FCEF2D = {
						CreatedOnToolsVersion = 8.3;
						DevelopmentTeam = C2MD5G6WC2;
						LastSwiftMigration = 0830;
						ProvisioningStyle = Automatic;
						TestTargetID = E525AF941E95F44B00BAE5C4;
					};
					E5D777EB1E99CA3200FCEF2D = {
						CreatedOnToolsVersion = 8.3;
						DevelopmentTeam = C2MD5G6WC2;
						LastSwiftMigration = 0830;
						ProvisioningStyle = Automatic;
						TestTargetID = E525AF941E95F44B00BAE5C4;
					};
					E5E2478F1E9BC8160063D4B8 = {
						CreatedOnToolsVersion = 8.3;
						DevelopmentTeam = C2MD5G6WC2;
						ProvisioningStyle = Automatic;
						TestTargetID = E525AF941E95F44B00BAE5C4;
					};
				};
			};
			buildConfigurationList = E525AF901E95F44B00BAE5C4 /* Build configuration list for PBXProject "MobileTrading" */;
			compatibilityVersion = "Xcode 3.2";
			developmentRegion = English;
			hasScannedForEncodings = 0;
			knownRegions = (
				en,
				Base,
			);
			mainGroup = E525AF8C1E95F44B00BAE5C4;
			productRefGroup = E525AF961E95F44B00BAE5C4 /* Products */;
			projectDirPath = "";
			projectRoot = "";
			targets = (
				E525AF941E95F44B00BAE5C4 /* MobileTrading */,
				E525AFA81E95F44B00BAE5C4 /* MobileTradingTests */,
				E525AFB31E95F44B00BAE5C4 /* MobileTradingUITests */,
				E5D777861E993C9C00FCEF2D /* GzipTests */,
				E5D7779A1E99408000FCEF2D /* CryptoSwiftTests */,
				E5D777C01E99414F00FCEF2D /* RNCryptorTests */,
				E5D777EB1E99CA3200FCEF2D /* ZipTests */,
				E5E2478F1E9BC8160063D4B8 /* SSZipArchiveTests */,
			);
		};
/* End PBXProject section */

/* Begin PBXResourcesBuildPhase section */
		E525AF931E95F44B00BAE5C4 /* Resources */ = {
			isa = PBXResourcesBuildPhase;
			buildActionMask = 2147483647;
			files = (
				E5CABEA21E9682800005933D /* flag-assets.bundle in Resources */,
				E5D777E71E994F3400FCEF2D /* CountryView.xib in Resources */,
				E525AFA31E95F44B00BAE5C4 /* LaunchScreen.storyboard in Resources */,
				E525AFA01E95F44B00BAE5C4 /* Assets.xcassets in Resources */,
				E525AF9E1E95F44B00BAE5C4 /* Main.storyboard in Resources */,
			);
			runOnlyForDeploymentPostprocessing = 0;
		};
		E525AFA71E95F44B00BAE5C4 /* Resources */ = {
			isa = PBXResourcesBuildPhase;
			buildActionMask = 2147483647;
			files = (
			);
			runOnlyForDeploymentPostprocessing = 0;
		};
		E525AFB21E95F44B00BAE5C4 /* Resources */ = {
			isa = PBXResourcesBuildPhase;
			buildActionMask = 2147483647;
			files = (
			);
			runOnlyForDeploymentPostprocessing = 0;
		};
		E5D777851E993C9C00FCEF2D /* Resources */ = {
			isa = PBXResourcesBuildPhase;
			buildActionMask = 2147483647;
			files = (
				E5D777961E993D4400FCEF2D /* test.txt.gz in Resources */,
			);
			runOnlyForDeploymentPostprocessing = 0;
		};
		E5D777991E99408000FCEF2D /* Resources */ = {
			isa = PBXResourcesBuildPhase;
			buildActionMask = 2147483647;
			files = (
			);
			runOnlyForDeploymentPostprocessing = 0;
		};
		E5D777BF1E99414F00FCEF2D /* Resources */ = {
			isa = PBXResourcesBuildPhase;
			buildActionMask = 2147483647;
			files = (
				E5D777D71E99418400FCEF2D /* Info.plist in Resources */,
				E5D777D61E99418400FCEF2D /* GenVectorTests in Resources */,
			);
			runOnlyForDeploymentPostprocessing = 0;
		};
		E5D777EA1E99CA3200FCEF2D /* Resources */ = {
			isa = PBXResourcesBuildPhase;
			buildActionMask = 2147483647;
			files = (
				E5D778011E99CB6500FCEF2D /* unsupported_permissions.zip in Resources */,
				E5D778001E99CB6500FCEF2D /* permissions.zip in Resources */,
				E5D777FF1E99CB6500FCEF2D /* kYkLkPf.gif in Resources */,
				E5D777FD1E99CB6500FCEF2D /* bb8.zip in Resources */,
				E5D777FE1E99CB6500FCEF2D /* 3crBXeO.gif in Resources */,
			);
			runOnlyForDeploymentPostprocessing = 0;
		};
		E5E2478E1E9BC8160063D4B8 /* Resources */ = {
			isa = PBXResourcesBuildPhase;
			buildActionMask = 2147483647;
			files = (
				E5E247BB1E9BC9F30063D4B8 /* 3.m4a in Resources */,
				E5E247BA1E9BC9F30063D4B8 /* 2.m4a in Resources */,
				E5E247BC1E9BC9F30063D4B8 /* 4.m4a in Resources */,
				E5E247B81E9BC9F30063D4B8 /* 0.m4a in Resources */,
				E5E247BD1E9BC9F30063D4B8 /* 5.m4a in Resources */,
				E5E247B61E9BC9F30063D4B8 /* TestPasswordArchive.zip in Resources */,
				E5E247B91E9BC9F30063D4B8 /* 1.m4a in Resources */,
				E5E247B11E9BC9F30063D4B8 /* IncorrectHeaders.zip in Resources */,
				E5E247B31E9BC9F30063D4B8 /* RelativeSymbolicLink.zip in Resources */,
				E5E247B71E9BC9F30063D4B8 /* Unicode.zip in Resources */,
				E5E247B51E9BC9F30063D4B8 /* TestArchive.zip in Resources */,
				E5E247B01E9BC9F30063D4B8 /* hello.zip in Resources */,
				E5E247BF1E9BC9F30063D4B8 /* 7.m4a in Resources */,
				E5E247BE1E9BC9F30063D4B8 /* 6.m4a in Resources */,
				E5E247B41E9BC9F30063D4B8 /* SymbolicLink.zip in Resources */,
				E5E247B21E9BC9F30063D4B8 /* PermissionsTestApp.app in Resources */,
			);
			runOnlyForDeploymentPostprocessing = 0;
		};
/* End PBXResourcesBuildPhase section */

/* Begin PBXShellScriptBuildPhase section */
		1531B631EFCF3E03CE06F07E /* [CP] Embed Pods Frameworks */ = {
			isa = PBXShellScriptBuildPhase;
			buildActionMask = 2147483647;
			files = (
			);
			inputPaths = (
			);
			name = "[CP] Embed Pods Frameworks";
			outputPaths = (
			);
			runOnlyForDeploymentPostprocessing = 0;
			shellPath = /bin/sh;
			shellScript = "\"${SRCROOT}/Pods/Target Support Files/Pods-GzipTests/Pods-GzipTests-frameworks.sh\"\n";
			showEnvVarsInLog = 0;
		};
		1E887E58D27012DDD98CD629 /* [CP] Check Pods Manifest.lock */ = {
			isa = PBXShellScriptBuildPhase;
			buildActionMask = 2147483647;
			files = (
			);
			inputPaths = (
			);
			name = "[CP] Check Pods Manifest.lock";
			outputPaths = (
			);
			runOnlyForDeploymentPostprocessing = 0;
			shellPath = /bin/sh;
			shellScript = "diff \"${PODS_ROOT}/../Podfile.lock\" \"${PODS_ROOT}/Manifest.lock\" > /dev/null\nif [ $? != 0 ] ; then\n    # print error to STDERR\n    echo \"error: The sandbox is not in sync with the Podfile.lock. Run 'pod install' or update your CocoaPods installation.\" >&2\n    exit 1\nfi\n";
			showEnvVarsInLog = 0;
		};
		203911664F8F1D8AEDA55562 /* [CP] Check Pods Manifest.lock */ = {
			isa = PBXShellScriptBuildPhase;
			buildActionMask = 2147483647;
			files = (
			);
			inputPaths = (
			);
			name = "[CP] Check Pods Manifest.lock";
			outputPaths = (
			);
			runOnlyForDeploymentPostprocessing = 0;
			shellPath = /bin/sh;
			shellScript = "diff \"${PODS_ROOT}/../Podfile.lock\" \"${PODS_ROOT}/Manifest.lock\" > /dev/null\nif [ $? != 0 ] ; then\n    # print error to STDERR\n    echo \"error: The sandbox is not in sync with the Podfile.lock. Run 'pod install' or update your CocoaPods installation.\" >&2\n    exit 1\nfi\n";
			showEnvVarsInLog = 0;
		};
		2861F4318BCA6E72349FF7AE /* [CP] Check Pods Manifest.lock */ = {
			isa = PBXShellScriptBuildPhase;
			buildActionMask = 2147483647;
			files = (
			);
			inputPaths = (
			);
			name = "[CP] Check Pods Manifest.lock";
			outputPaths = (
			);
			runOnlyForDeploymentPostprocessing = 0;
			shellPath = /bin/sh;
			shellScript = "diff \"${PODS_ROOT}/../Podfile.lock\" \"${PODS_ROOT}/Manifest.lock\" > /dev/null\nif [ $? != 0 ] ; then\n    # print error to STDERR\n    echo \"error: The sandbox is not in sync with the Podfile.lock. Run 'pod install' or update your CocoaPods installation.\" >&2\n    exit 1\nfi\n";
			showEnvVarsInLog = 0;
		};
		2BD5A2EF689B8FB4DD13B046 /* [CP] Embed Pods Frameworks */ = {
			isa = PBXShellScriptBuildPhase;
			buildActionMask = 2147483647;
			files = (
			);
			inputPaths = (
			);
			name = "[CP] Embed Pods Frameworks";
			outputPaths = (
			);
			runOnlyForDeploymentPostprocessing = 0;
			shellPath = /bin/sh;
			shellScript = "\"${SRCROOT}/Pods/Target Support Files/Pods-MobileTrading/Pods-MobileTrading-frameworks.sh\"\n";
			showEnvVarsInLog = 0;
		};
		34E290904B237BCB4A160D65 /* [CP] Copy Pods Resources */ = {
			isa = PBXShellScriptBuildPhase;
			buildActionMask = 2147483647;
			files = (
			);
			inputPaths = (
			);
			name = "[CP] Copy Pods Resources";
			outputPaths = (
			);
			runOnlyForDeploymentPostprocessing = 0;
			shellPath = /bin/sh;
			shellScript = "\"${SRCROOT}/Pods/Target Support Files/Pods-SSZipArchiveTests/Pods-SSZipArchiveTests-resources.sh\"\n";
			showEnvVarsInLog = 0;
		};
		3751F6C0FFF8A8F348D57D7B /* [CP] Embed Pods Frameworks */ = {
			isa = PBXShellScriptBuildPhase;
			buildActionMask = 2147483647;
			files = (
			);
			inputPaths = (
			);
			name = "[CP] Embed Pods Frameworks";
			outputPaths = (
			);
			runOnlyForDeploymentPostprocessing = 0;
			shellPath = /bin/sh;
			shellScript = "\"${SRCROOT}/Pods/Target Support Files/Pods-MobileTradingTests/Pods-MobileTradingTests-frameworks.sh\"\n";
			showEnvVarsInLog = 0;
		};
		3E6DC306A03CDAF3C350BBB8 /* [CP] Check Pods Manifest.lock */ = {
			isa = PBXShellScriptBuildPhase;
			buildActionMask = 2147483647;
			files = (
			);
			inputPaths = (
			);
			name = "[CP] Check Pods Manifest.lock";
			outputPaths = (
			);
			runOnlyForDeploymentPostprocessing = 0;
			shellPath = /bin/sh;
			shellScript = "diff \"${PODS_ROOT}/../Podfile.lock\" \"${PODS_ROOT}/Manifest.lock\" > /dev/null\nif [ $? != 0 ] ; then\n    # print error to STDERR\n    echo \"error: The sandbox is not in sync with the Podfile.lock. Run 'pod install' or update your CocoaPods installation.\" >&2\n    exit 1\nfi\n";
			showEnvVarsInLog = 0;
		};
		5896B8F725D20322531CD2B2 /* [CP] Copy Pods Resources */ = {
			isa = PBXShellScriptBuildPhase;
			buildActionMask = 2147483647;
			files = (
			);
			inputPaths = (
			);
			name = "[CP] Copy Pods Resources";
			outputPaths = (
			);
			runOnlyForDeploymentPostprocessing = 0;
			shellPath = /bin/sh;
			shellScript = "\"${SRCROOT}/Pods/Target Support Files/Pods-RNCryptorTests/Pods-RNCryptorTests-resources.sh\"\n";
			showEnvVarsInLog = 0;
		};
		5D987AE125AF02F309A52DEB /* [CP] Embed Pods Frameworks */ = {
			isa = PBXShellScriptBuildPhase;
			buildActionMask = 2147483647;
			files = (
			);
			inputPaths = (
			);
			name = "[CP] Embed Pods Frameworks";
			outputPaths = (
			);
			runOnlyForDeploymentPostprocessing = 0;
			shellPath = /bin/sh;
			shellScript = "\"${SRCROOT}/Pods/Target Support Files/Pods-CryptoSwiftTests/Pods-CryptoSwiftTests-frameworks.sh\"\n";
			showEnvVarsInLog = 0;
		};
		63AEC36C96805B9A046779D7 /* [CP] Embed Pods Frameworks */ = {
			isa = PBXShellScriptBuildPhase;
			buildActionMask = 2147483647;
			files = (
			);
			inputPaths = (
			);
			name = "[CP] Embed Pods Frameworks";
			outputPaths = (
			);
			runOnlyForDeploymentPostprocessing = 0;
			shellPath = /bin/sh;
			shellScript = "\"${SRCROOT}/Pods/Target Support Files/Pods-MobileTradingUITests/Pods-MobileTradingUITests-frameworks.sh\"\n";
			showEnvVarsInLog = 0;
		};
		68305B45089444DC1E4BA3FA /* [CP] Copy Pods Resources */ = {
			isa = PBXShellScriptBuildPhase;
			buildActionMask = 2147483647;
			files = (
			);
			inputPaths = (
			);
			name = "[CP] Copy Pods Resources";
			outputPaths = (
			);
			runOnlyForDeploymentPostprocessing = 0;
			shellPath = /bin/sh;
			shellScript = "\"${SRCROOT}/Pods/Target Support Files/Pods-MobileTradingTests/Pods-MobileTradingTests-resources.sh\"\n";
			showEnvVarsInLog = 0;
		};
		8202450C54197C09E75ECF5B /* [CP] Embed Pods Frameworks */ = {
			isa = PBXShellScriptBuildPhase;
			buildActionMask = 2147483647;
			files = (
			);
			inputPaths = (
			);
			name = "[CP] Embed Pods Frameworks";
			outputPaths = (
			);
			runOnlyForDeploymentPostprocessing = 0;
			shellPath = /bin/sh;
			shellScript = "\"${SRCROOT}/Pods/Target Support Files/Pods-SSZipArchiveTests/Pods-SSZipArchiveTests-frameworks.sh\"\n";
			showEnvVarsInLog = 0;
		};
		93FD2F1E7397E3048EAEEF48 /* [CP] Check Pods Manifest.lock */ = {
			isa = PBXShellScriptBuildPhase;
			buildActionMask = 2147483647;
			files = (
			);
			inputPaths = (
			);
			name = "[CP] Check Pods Manifest.lock";
			outputPaths = (
			);
			runOnlyForDeploymentPostprocessing = 0;
			shellPath = /bin/sh;
			shellScript = "diff \"${PODS_ROOT}/../Podfile.lock\" \"${PODS_ROOT}/Manifest.lock\" > /dev/null\nif [ $? != 0 ] ; then\n    # print error to STDERR\n    echo \"error: The sandbox is not in sync with the Podfile.lock. Run 'pod install' or update your CocoaPods installation.\" >&2\n    exit 1\nfi\n";
			showEnvVarsInLog = 0;
		};
		955125712DA2DF52FA23C8AB /* [CP] Embed Pods Frameworks */ = {
			isa = PBXShellScriptBuildPhase;
			buildActionMask = 2147483647;
			files = (
			);
			inputPaths = (
			);
			name = "[CP] Embed Pods Frameworks";
			outputPaths = (
			);
			runOnlyForDeploymentPostprocessing = 0;
			shellPath = /bin/sh;
			shellScript = "\"${SRCROOT}/Pods/Target Support Files/Pods-RNCryptorTests/Pods-RNCryptorTests-frameworks.sh\"\n";
			showEnvVarsInLog = 0;
		};
		95DAFEE8CD27648FD1DB0A5F /* [CP] Copy Pods Resources */ = {
			isa = PBXShellScriptBuildPhase;
			buildActionMask = 2147483647;
			files = (
			);
			inputPaths = (
			);
			name = "[CP] Copy Pods Resources";
			outputPaths = (
			);
			runOnlyForDeploymentPostprocessing = 0;
			shellPath = /bin/sh;
			shellScript = "\"${SRCROOT}/Pods/Target Support Files/Pods-MobileTradingUITests/Pods-MobileTradingUITests-resources.sh\"\n";
			showEnvVarsInLog = 0;
		};
		A115240BE1EC5AAA9A604C2F /* [CP] Copy Pods Resources */ = {
			isa = PBXShellScriptBuildPhase;
			buildActionMask = 2147483647;
			files = (
			);
			inputPaths = (
			);
			name = "[CP] Copy Pods Resources";
			outputPaths = (
			);
			runOnlyForDeploymentPostprocessing = 0;
			shellPath = /bin/sh;
			shellScript = "\"${SRCROOT}/Pods/Target Support Files/Pods-CryptoSwiftTests/Pods-CryptoSwiftTests-resources.sh\"\n";
			showEnvVarsInLog = 0;
		};
		BFB5FC91C08AD1C404FAB876 /* [CP] Copy Pods Resources */ = {
			isa = PBXShellScriptBuildPhase;
			buildActionMask = 2147483647;
			files = (
			);
			inputPaths = (
			);
			name = "[CP] Copy Pods Resources";
			outputPaths = (
			);
			runOnlyForDeploymentPostprocessing = 0;
			shellPath = /bin/sh;
			shellScript = "\"${SRCROOT}/Pods/Target Support Files/Pods-MobileTrading/Pods-MobileTrading-resources.sh\"\n";
			showEnvVarsInLog = 0;
		};
		C7BA388D5F24AF73CD8FE7C5 /* [CP] Copy Pods Resources */ = {
			isa = PBXShellScriptBuildPhase;
			buildActionMask = 2147483647;
			files = (
			);
			inputPaths = (
			);
			name = "[CP] Copy Pods Resources";
			outputPaths = (
			);
			runOnlyForDeploymentPostprocessing = 0;
			shellPath = /bin/sh;
			shellScript = "\"${SRCROOT}/Pods/Target Support Files/Pods-GzipTests/Pods-GzipTests-resources.sh\"\n";
			showEnvVarsInLog = 0;
		};
		CC75FAE0A97914FC8EEBFFB5 /* [CP] Copy Pods Resources */ = {
			isa = PBXShellScriptBuildPhase;
			buildActionMask = 2147483647;
			files = (
			);
			inputPaths = (
			);
			name = "[CP] Copy Pods Resources";
			outputPaths = (
			);
			runOnlyForDeploymentPostprocessing = 0;
			shellPath = /bin/sh;
			shellScript = "\"${SRCROOT}/Pods/Target Support Files/Pods-ZipTests/Pods-ZipTests-resources.sh\"\n";
			showEnvVarsInLog = 0;
		};
		D886B8FD9EBCA4E8CA531AFA /* [CP] Embed Pods Frameworks */ = {
			isa = PBXShellScriptBuildPhase;
			buildActionMask = 2147483647;
			files = (
			);
			inputPaths = (
			);
			name = "[CP] Embed Pods Frameworks";
			outputPaths = (
			);
			runOnlyForDeploymentPostprocessing = 0;
			shellPath = /bin/sh;
			shellScript = "\"${SRCROOT}/Pods/Target Support Files/Pods-ZipTests/Pods-ZipTests-frameworks.sh\"\n";
			showEnvVarsInLog = 0;
		};
		EE21055E4740D183175B1C1A /* [CP] Check Pods Manifest.lock */ = {
			isa = PBXShellScriptBuildPhase;
			buildActionMask = 2147483647;
			files = (
			);
			inputPaths = (
			);
			name = "[CP] Check Pods Manifest.lock";
			outputPaths = (
			);
			runOnlyForDeploymentPostprocessing = 0;
			shellPath = /bin/sh;
			shellScript = "diff \"${PODS_ROOT}/../Podfile.lock\" \"${PODS_ROOT}/Manifest.lock\" > /dev/null\nif [ $? != 0 ] ; then\n    # print error to STDERR\n    echo \"error: The sandbox is not in sync with the Podfile.lock. Run 'pod install' or update your CocoaPods installation.\" >&2\n    exit 1\nfi\n";
			showEnvVarsInLog = 0;
		};
		EEF52A984B28BD705272A070 /* [CP] Check Pods Manifest.lock */ = {
			isa = PBXShellScriptBuildPhase;
			buildActionMask = 2147483647;
			files = (
			);
			inputPaths = (
			);
			name = "[CP] Check Pods Manifest.lock";
			outputPaths = (
			);
			runOnlyForDeploymentPostprocessing = 0;
			shellPath = /bin/sh;
			shellScript = "diff \"${PODS_ROOT}/../Podfile.lock\" \"${PODS_ROOT}/Manifest.lock\" > /dev/null\nif [ $? != 0 ] ; then\n    # print error to STDERR\n    echo \"error: The sandbox is not in sync with the Podfile.lock. Run 'pod install' or update your CocoaPods installation.\" >&2\n    exit 1\nfi\n";
			showEnvVarsInLog = 0;
		};
		FF59692E969015B02E5F1F2B /* [CP] Check Pods Manifest.lock */ = {
			isa = PBXShellScriptBuildPhase;
			buildActionMask = 2147483647;
			files = (
			);
			inputPaths = (
			);
			name = "[CP] Check Pods Manifest.lock";
			outputPaths = (
			);
			runOnlyForDeploymentPostprocessing = 0;
			shellPath = /bin/sh;
			shellScript = "diff \"${PODS_ROOT}/../Podfile.lock\" \"${PODS_ROOT}/Manifest.lock\" > /dev/null\nif [ $? != 0 ] ; then\n    # print error to STDERR\n    echo \"error: The sandbox is not in sync with the Podfile.lock. Run 'pod install' or update your CocoaPods installation.\" >&2\n    exit 1\nfi\n";
			showEnvVarsInLog = 0;
		};
/* End PBXShellScriptBuildPhase section */

/* Begin PBXSourcesBuildPhase section */
		E525AF911E95F44B00BAE5C4 /* Sources */ = {
			isa = PBXSourcesBuildPhase;
			buildActionMask = 2147483647;
			files = (
				E5D7777D1E993B2A00FCEF2D /* Data+Compression.swift in Sources */,
				E525AF9B1E95F44B00BAE5C4 /* ViewController.swift in Sources */,
				E5906A6B1E988E1400F696FB /* NSObject+MTExtension.swift in Sources */,
				E5906A691E988BA100F696FB /* String+MTExtension.swift in Sources */,
				E5D7776F1E98CDA700FCEF2D /* Realm+MTExtension.swift in Sources */,
				E5D777E61E994F3400FCEF2D /* CountryView.swift in Sources */,
				E525AF991E95F44B00BAE5C4 /* AppDelegate.swift in Sources */,
				E5D7776D1E98CD1E00FCEF2D /* UIWindow+MTExtension.swift in Sources */,
				E5D777E51E994F3400FCEF2D /* CountryPicker.swift in Sources */,
				E5CABEA41E9682CB0005933D /* FlagKit.swift in Sources */,
			);
			runOnlyForDeploymentPostprocessing = 0;
		};
		E525AFA51E95F44B00BAE5C4 /* Sources */ = {
			isa = PBXSourcesBuildPhase;
			buildActionMask = 2147483647;
			files = (
				E525AFAE1E95F44B00BAE5C4 /* MobileTradingTests.swift in Sources */,
				E5D7777C1E993A6500FCEF2D /* Data+Compression.swift in Sources */,
				E5D777801E993B9F00FCEF2D /* Data+CompressionTests.swift in Sources */,
				E5D777821E993BF900FCEF2D /* String+MTExtensionTests.swift in Sources */,
			);
			runOnlyForDeploymentPostprocessing = 0;
		};
		E525AFB01E95F44B00BAE5C4 /* Sources */ = {
			isa = PBXSourcesBuildPhase;
			buildActionMask = 2147483647;
			files = (
				E525AFB91E95F44B00BAE5C4 /* MobileTradingUITests.swift in Sources */,
			);
			runOnlyForDeploymentPostprocessing = 0;
		};
		E5D777831E993C9C00FCEF2D /* Sources */ = {
			isa = PBXSourcesBuildPhase;
			buildActionMask = 2147483647;
			files = (
				E5D777951E993D4400FCEF2D /* GzipTests.swift in Sources */,
			);
			runOnlyForDeploymentPostprocessing = 0;
		};
		E5D777971E99408000FCEF2D /* Sources */ = {
			isa = PBXSourcesBuildPhase;
			buildActionMask = 2147483647;
			files = (
				E5D777B11E9940C500FCEF2D /* Access.swift in Sources */,
				E5D777BC1E9940C500FCEF2D /* RandomBytesSequenceTests.swift in Sources */,
				E5D777B91E9940C500FCEF2D /* PBKDF.swift in Sources */,
				E5D777B61E9940C500FCEF2D /* ExtensionsTest.swift in Sources */,
				E5D777B21E9940C500FCEF2D /* AESTests.swift in Sources */,
				E5D777B51E9940C500FCEF2D /* DigestTests.swift in Sources */,
				E5D777B31E9940C500FCEF2D /* BlowfishTests.swift in Sources */,
				E5D777BA1E9940C500FCEF2D /* Poly1305Tests.swift in Sources */,
				E5D777BB1E9940C500FCEF2D /* RabbitTests.swift in Sources */,
				E5D777B71E9940C500FCEF2D /* HMACTests.swift in Sources */,
				E5D777B41E9940C500FCEF2D /* ChaCha20Tests.swift in Sources */,
				E5D777B81E9940C500FCEF2D /* PaddingTests.swift in Sources */,
			);
			runOnlyForDeploymentPostprocessing = 0;
		};
		E5D777BD1E99414F00FCEF2D /* Sources */ = {
			isa = PBXSourcesBuildPhase;
			buildActionMask = 2147483647;
			files = (
				E5D777D51E99418400FCEF2D /* RNCryptorGeneratedVectorTests.swift in Sources */,
				E5D777D41E99418400FCEF2D /* Data.swift in Sources */,
				E5D777D91E99418400FCEF2D /* RNCryptorPerformance.swift in Sources */,
				E5D777DA1E99418400FCEF2D /* RNCryptorTests.swift in Sources */,
				E5D777DB1E99418400FCEF2D /* VectorTestHelpers.swift in Sources */,
				E5D777D81E99418400FCEF2D /* OverfowingBuffer.swift in Sources */,
			);
			runOnlyForDeploymentPostprocessing = 0;
		};
		E5D777E81E99CA3200FCEF2D /* Sources */ = {
			isa = PBXSourcesBuildPhase;
			buildActionMask = 2147483647;
			files = (
				E5D778021E99CB6500FCEF2D /* ZipTests.swift in Sources */,
			);
			runOnlyForDeploymentPostprocessing = 0;
		};
		E5E2478C1E9BC8160063D4B8 /* Sources */ = {
			isa = PBXSourcesBuildPhase;
			buildActionMask = 2147483647;
			files = (
				E5E247C01E9BC9F30063D4B8 /* SSZipArchiveTests.m in Sources */,
				E5E2479C1E9BC9760063D4B8 /* CollectingDelegate.m in Sources */,
			);
			runOnlyForDeploymentPostprocessing = 0;
		};
/* End PBXSourcesBuildPhase section */

/* Begin PBXTargetDependency section */
		E525AFAB1E95F44B00BAE5C4 /* PBXTargetDependency */ = {
			isa = PBXTargetDependency;
			target = E525AF941E95F44B00BAE5C4 /* MobileTrading */;
			targetProxy = E525AFAA1E95F44B00BAE5C4 /* PBXContainerItemProxy */;
		};
		E525AFB61E95F44B00BAE5C4 /* PBXTargetDependency */ = {
			isa = PBXTargetDependency;
			target = E525AF941E95F44B00BAE5C4 /* MobileTrading */;
			targetProxy = E525AFB51E95F44B00BAE5C4 /* PBXContainerItemProxy */;
		};
		E5D7778D1E993C9C00FCEF2D /* PBXTargetDependency */ = {
			isa = PBXTargetDependency;
			target = E525AF941E95F44B00BAE5C4 /* MobileTrading */;
			targetProxy = E5D7778C1E993C9C00FCEF2D /* PBXContainerItemProxy */;
		};
		E5D777A11E99408000FCEF2D /* PBXTargetDependency */ = {
			isa = PBXTargetDependency;
			target = E525AF941E95F44B00BAE5C4 /* MobileTrading */;
			targetProxy = E5D777A01E99408000FCEF2D /* PBXContainerItemProxy */;
		};
		E5D777C71E99414F00FCEF2D /* PBXTargetDependency */ = {
			isa = PBXTargetDependency;
			target = E525AF941E95F44B00BAE5C4 /* MobileTrading */;
			targetProxy = E5D777C61E99414F00FCEF2D /* PBXContainerItemProxy */;
		};
		E5D777F21E99CA3200FCEF2D /* PBXTargetDependency */ = {
			isa = PBXTargetDependency;
			target = E525AF941E95F44B00BAE5C4 /* MobileTrading */;
			targetProxy = E5D777F11E99CA3200FCEF2D /* PBXContainerItemProxy */;
		};
		E5E247961E9BC8160063D4B8 /* PBXTargetDependency */ = {
			isa = PBXTargetDependency;
			target = E525AF941E95F44B00BAE5C4 /* MobileTrading */;
			targetProxy = E5E247951E9BC8160063D4B8 /* PBXContainerItemProxy */;
		};
/* End PBXTargetDependency section */

/* Begin PBXVariantGroup section */
		E525AF9C1E95F44B00BAE5C4 /* Main.storyboard */ = {
			isa = PBXVariantGroup;
			children = (
				E525AF9D1E95F44B00BAE5C4 /* Base */,
			);
			name = Main.storyboard;
			sourceTree = "<group>";
		};
		E525AFA11E95F44B00BAE5C4 /* LaunchScreen.storyboard */ = {
			isa = PBXVariantGroup;
			children = (
				E525AFA21E95F44B00BAE5C4 /* Base */,
			);
			name = LaunchScreen.storyboard;
			sourceTree = "<group>";
		};
/* End PBXVariantGroup section */

/* Begin XCBuildConfiguration section */
		E525AFBB1E95F44B00BAE5C4 /* Debug */ = {
			isa = XCBuildConfiguration;
			buildSettings = {
				ALWAYS_SEARCH_USER_PATHS = NO;
				CLANG_ANALYZER_NONNULL = YES;
				CLANG_ANALYZER_NUMBER_OBJECT_CONVERSION = YES_AGGRESSIVE;
				CLANG_CXX_LANGUAGE_STANDARD = "gnu++0x";
				CLANG_CXX_LIBRARY = "libc++";
				CLANG_ENABLE_MODULES = YES;
				CLANG_ENABLE_OBJC_ARC = YES;
				CLANG_WARN_BOOL_CONVERSION = YES;
				CLANG_WARN_CONSTANT_CONVERSION = YES;
				CLANG_WARN_DIRECT_OBJC_ISA_USAGE = YES_ERROR;
				CLANG_WARN_DOCUMENTATION_COMMENTS = YES;
				CLANG_WARN_EMPTY_BODY = YES;
				CLANG_WARN_ENUM_CONVERSION = YES;
				CLANG_WARN_INFINITE_RECURSION = YES;
				CLANG_WARN_INT_CONVERSION = YES;
				CLANG_WARN_OBJC_ROOT_CLASS = YES_ERROR;
				CLANG_WARN_SUSPICIOUS_MOVE = YES;
				CLANG_WARN_UNREACHABLE_CODE = YES;
				CLANG_WARN__DUPLICATE_METHOD_MATCH = YES;
				"CODE_SIGN_IDENTITY[sdk=iphoneos*]" = "iPhone Developer";
				COPY_PHASE_STRIP = NO;
				DEBUG_INFORMATION_FORMAT = dwarf;
				ENABLE_STRICT_OBJC_MSGSEND = YES;
				ENABLE_TESTABILITY = YES;
				GCC_C_LANGUAGE_STANDARD = gnu99;
				GCC_DYNAMIC_NO_PIC = NO;
				GCC_NO_COMMON_BLOCKS = YES;
				GCC_OPTIMIZATION_LEVEL = 0;
				GCC_PREPROCESSOR_DEFINITIONS = (
					"DEBUG=1",
					"$(inherited)",
				);
				GCC_WARN_64_TO_32_BIT_CONVERSION = YES;
				GCC_WARN_ABOUT_RETURN_TYPE = YES_ERROR;
				GCC_WARN_UNDECLARED_SELECTOR = YES;
				GCC_WARN_UNINITIALIZED_AUTOS = YES_AGGRESSIVE;
				GCC_WARN_UNUSED_FUNCTION = YES;
				GCC_WARN_UNUSED_VARIABLE = YES;
				IPHONEOS_DEPLOYMENT_TARGET = 9.0;
				MTL_ENABLE_DEBUG_INFO = YES;
				ONLY_ACTIVE_ARCH = YES;
				SDKROOT = iphoneos;
				SWIFT_ACTIVE_COMPILATION_CONDITIONS = DEBUG;
				SWIFT_OPTIMIZATION_LEVEL = "-Onone";
				TARGETED_DEVICE_FAMILY = "1,2";
			};
			name = Debug;
		};
		E525AFBC1E95F44B00BAE5C4 /* Release */ = {
			isa = XCBuildConfiguration;
			buildSettings = {
				ALWAYS_SEARCH_USER_PATHS = NO;
				CLANG_ANALYZER_NONNULL = YES;
				CLANG_ANALYZER_NUMBER_OBJECT_CONVERSION = YES_AGGRESSIVE;
				CLANG_CXX_LANGUAGE_STANDARD = "gnu++0x";
				CLANG_CXX_LIBRARY = "libc++";
				CLANG_ENABLE_MODULES = YES;
				CLANG_ENABLE_OBJC_ARC = YES;
				CLANG_WARN_BOOL_CONVERSION = YES;
				CLANG_WARN_CONSTANT_CONVERSION = YES;
				CLANG_WARN_DIRECT_OBJC_ISA_USAGE = YES_ERROR;
				CLANG_WARN_DOCUMENTATION_COMMENTS = YES;
				CLANG_WARN_EMPTY_BODY = YES;
				CLANG_WARN_ENUM_CONVERSION = YES;
				CLANG_WARN_INFINITE_RECURSION = YES;
				CLANG_WARN_INT_CONVERSION = YES;
				CLANG_WARN_OBJC_ROOT_CLASS = YES_ERROR;
				CLANG_WARN_SUSPICIOUS_MOVE = YES;
				CLANG_WARN_UNREACHABLE_CODE = YES;
				CLANG_WARN__DUPLICATE_METHOD_MATCH = YES;
				"CODE_SIGN_IDENTITY[sdk=iphoneos*]" = "iPhone Developer";
				COPY_PHASE_STRIP = NO;
				DEBUG_INFORMATION_FORMAT = "dwarf-with-dsym";
				ENABLE_NS_ASSERTIONS = NO;
				ENABLE_STRICT_OBJC_MSGSEND = YES;
				GCC_C_LANGUAGE_STANDARD = gnu99;
				GCC_NO_COMMON_BLOCKS = YES;
				GCC_WARN_64_TO_32_BIT_CONVERSION = YES;
				GCC_WARN_ABOUT_RETURN_TYPE = YES_ERROR;
				GCC_WARN_UNDECLARED_SELECTOR = YES;
				GCC_WARN_UNINITIALIZED_AUTOS = YES_AGGRESSIVE;
				GCC_WARN_UNUSED_FUNCTION = YES;
				GCC_WARN_UNUSED_VARIABLE = YES;
				IPHONEOS_DEPLOYMENT_TARGET = 9.0;
				MTL_ENABLE_DEBUG_INFO = NO;
				SDKROOT = iphoneos;
				SWIFT_OPTIMIZATION_LEVEL = "-Owholemodule";
				TARGETED_DEVICE_FAMILY = "1,2";
				VALIDATE_PRODUCT = YES;
			};
			name = Release;
		};
		E525AFBE1E95F44B00BAE5C4 /* Debug */ = {
			isa = XCBuildConfiguration;
			baseConfigurationReference = EDDDBDB3D6558321B3B42B05 /* Pods-MobileTrading.debug.xcconfig */;
			buildSettings = {
				ASSETCATALOG_COMPILER_APPICON_NAME = AppIcon;
				CLANG_ENABLE_MODULES = YES;
				DEVELOPMENT_TEAM = "";
				INFOPLIST_FILE = MobileTrading/Info.plist;
				LD_RUNPATH_SEARCH_PATHS = "$(inherited) @executable_path/Frameworks";
				PRODUCT_BUNDLE_IDENTIFIER = com.ahdenglish.MobileTrading;
				PRODUCT_NAME = "$(TARGET_NAME)";
				SWIFT_OBJC_BRIDGING_HEADER = "MobileTrading-Bridging-Header.h";
				SWIFT_OPTIMIZATION_LEVEL = "-Onone";
				SWIFT_VERSION = 3.0;
			};
			name = Debug;
		};
		E525AFBF1E95F44B00BAE5C4 /* Release */ = {
			isa = XCBuildConfiguration;
			baseConfigurationReference = FAD3A2514DE8E65672C9F0DE /* Pods-MobileTrading.release.xcconfig */;
			buildSettings = {
				ASSETCATALOG_COMPILER_APPICON_NAME = AppIcon;
				CLANG_ENABLE_MODULES = YES;
				DEVELOPMENT_TEAM = "";
				INFOPLIST_FILE = MobileTrading/Info.plist;
				LD_RUNPATH_SEARCH_PATHS = "$(inherited) @executable_path/Frameworks";
				PRODUCT_BUNDLE_IDENTIFIER = com.ahdenglish.MobileTrading;
				PRODUCT_NAME = "$(TARGET_NAME)";
				SWIFT_OBJC_BRIDGING_HEADER = "MobileTrading-Bridging-Header.h";
				SWIFT_VERSION = 3.0;
			};
			name = Release;
		};
		E525AFC11E95F44B00BAE5C4 /* Debug */ = {
			isa = XCBuildConfiguration;
			baseConfigurationReference = 5A065D63AFBE785C70DE7E57 /* Pods-MobileTradingTests.debug.xcconfig */;
			buildSettings = {
				ALWAYS_EMBED_SWIFT_STANDARD_LIBRARIES = YES;
				BUNDLE_LOADER = "$(TEST_HOST)";
				DEVELOPMENT_TEAM = C2MD5G6WC2;
				INFOPLIST_FILE = MobileTradingTests/Info.plist;
				LD_RUNPATH_SEARCH_PATHS = "$(inherited) @executable_path/Frameworks @loader_path/Frameworks";
				PRODUCT_BUNDLE_IDENTIFIER = com.ahdenglish.MobileTradingTests;
				PRODUCT_NAME = "$(TARGET_NAME)";
				SWIFT_VERSION = 3.0;
				TEST_HOST = "$(BUILT_PRODUCTS_DIR)/MobileTrading.app/MobileTrading";
			};
			name = Debug;
		};
		E525AFC21E95F44B00BAE5C4 /* Release */ = {
			isa = XCBuildConfiguration;
			baseConfigurationReference = C11BBCA374566E04C8D07A3D /* Pods-MobileTradingTests.release.xcconfig */;
			buildSettings = {
				ALWAYS_EMBED_SWIFT_STANDARD_LIBRARIES = YES;
				BUNDLE_LOADER = "$(TEST_HOST)";
				DEVELOPMENT_TEAM = C2MD5G6WC2;
				INFOPLIST_FILE = MobileTradingTests/Info.plist;
				LD_RUNPATH_SEARCH_PATHS = "$(inherited) @executable_path/Frameworks @loader_path/Frameworks";
				PRODUCT_BUNDLE_IDENTIFIER = com.ahdenglish.MobileTradingTests;
				PRODUCT_NAME = "$(TARGET_NAME)";
				SWIFT_VERSION = 3.0;
				TEST_HOST = "$(BUILT_PRODUCTS_DIR)/MobileTrading.app/MobileTrading";
			};
			name = Release;
		};
		E525AFC41E95F44B00BAE5C4 /* Debug */ = {
			isa = XCBuildConfiguration;
			baseConfigurationReference = 29417CDCA19910BE815E66A0 /* Pods-MobileTradingUITests.debug.xcconfig */;
			buildSettings = {
				ALWAYS_EMBED_SWIFT_STANDARD_LIBRARIES = YES;
				DEVELOPMENT_TEAM = C2MD5G6WC2;
				INFOPLIST_FILE = MobileTradingUITests/Info.plist;
				LD_RUNPATH_SEARCH_PATHS = "$(inherited) @executable_path/Frameworks @loader_path/Frameworks";
				PRODUCT_BUNDLE_IDENTIFIER = com.ahdenglish.MobileTradingUITests;
				PRODUCT_NAME = "$(TARGET_NAME)";
				SWIFT_VERSION = 3.0;
				TEST_TARGET_NAME = MobileTrading;
			};
			name = Debug;
		};
		E525AFC51E95F44B00BAE5C4 /* Release */ = {
			isa = XCBuildConfiguration;
			baseConfigurationReference = A2DD4CFEA59EEBC1811953FA /* Pods-MobileTradingUITests.release.xcconfig */;
			buildSettings = {
				ALWAYS_EMBED_SWIFT_STANDARD_LIBRARIES = YES;
				DEVELOPMENT_TEAM = C2MD5G6WC2;
				INFOPLIST_FILE = MobileTradingUITests/Info.plist;
				LD_RUNPATH_SEARCH_PATHS = "$(inherited) @executable_path/Frameworks @loader_path/Frameworks";
				PRODUCT_BUNDLE_IDENTIFIER = com.ahdenglish.MobileTradingUITests;
				PRODUCT_NAME = "$(TARGET_NAME)";
				SWIFT_VERSION = 3.0;
				TEST_TARGET_NAME = MobileTrading;
			};
			name = Release;
		};
		E5D7778F1E993C9C00FCEF2D /* Debug */ = {
			isa = XCBuildConfiguration;
			baseConfigurationReference = 0D130D6EDEAD79F09F99B354 /* Pods-GzipTests.debug.xcconfig */;
			buildSettings = {
				BUNDLE_LOADER = "$(TEST_HOST)";
				CLANG_ENABLE_MODULES = YES;
				DEVELOPMENT_TEAM = C2MD5G6WC2;
				INFOPLIST_FILE = GzipTests/Info.plist;
				LD_RUNPATH_SEARCH_PATHS = "$(inherited) @executable_path/Frameworks @loader_path/Frameworks";
				PRODUCT_BUNDLE_IDENTIFIER = com.ahdenglish.GzipTests;
				PRODUCT_NAME = "$(TARGET_NAME)";
				SWIFT_OPTIMIZATION_LEVEL = "-Onone";
				SWIFT_VERSION = 3.0;
				TEST_HOST = "$(BUILT_PRODUCTS_DIR)/MobileTrading.app/MobileTrading";
			};
			name = Debug;
		};
		E5D777901E993C9C00FCEF2D /* Release */ = {
			isa = XCBuildConfiguration;
			baseConfigurationReference = EA018931CC0636C16C79393E /* Pods-GzipTests.release.xcconfig */;
			buildSettings = {
				BUNDLE_LOADER = "$(TEST_HOST)";
				CLANG_ENABLE_MODULES = YES;
				DEVELOPMENT_TEAM = C2MD5G6WC2;
				INFOPLIST_FILE = GzipTests/Info.plist;
				LD_RUNPATH_SEARCH_PATHS = "$(inherited) @executable_path/Frameworks @loader_path/Frameworks";
				PRODUCT_BUNDLE_IDENTIFIER = com.ahdenglish.GzipTests;
				PRODUCT_NAME = "$(TARGET_NAME)";
				SWIFT_VERSION = 3.0;
				TEST_HOST = "$(BUILT_PRODUCTS_DIR)/MobileTrading.app/MobileTrading";
			};
			name = Release;
		};
		E5D777A31E99408000FCEF2D /* Debug */ = {
			isa = XCBuildConfiguration;
			baseConfigurationReference = 379A6DB7A862417F1BF7B303 /* Pods-CryptoSwiftTests.debug.xcconfig */;
			buildSettings = {
				BUNDLE_LOADER = "$(TEST_HOST)";
				CLANG_ENABLE_MODULES = YES;
				DEVELOPMENT_TEAM = C2MD5G6WC2;
				INFOPLIST_FILE = CryptoSwiftTests/Info.plist;
				IPHONEOS_DEPLOYMENT_TARGET = 10.3;
				LD_RUNPATH_SEARCH_PATHS = "$(inherited) @executable_path/Frameworks @loader_path/Frameworks";
				PRODUCT_BUNDLE_IDENTIFIER = com.ahdenglish.CryptoSwiftTests;
				PRODUCT_NAME = "$(TARGET_NAME)";
				SWIFT_OPTIMIZATION_LEVEL = "-Onone";
				SWIFT_VERSION = 3.0;
				TEST_HOST = "$(BUILT_PRODUCTS_DIR)/MobileTrading.app/MobileTrading";
			};
			name = Debug;
		};
		E5D777A41E99408000FCEF2D /* Release */ = {
			isa = XCBuildConfiguration;
			baseConfigurationReference = C8EB20F4F0C5BC5C953FF2D9 /* Pods-CryptoSwiftTests.release.xcconfig */;
			buildSettings = {
				BUNDLE_LOADER = "$(TEST_HOST)";
				CLANG_ENABLE_MODULES = YES;
				DEVELOPMENT_TEAM = C2MD5G6WC2;
				INFOPLIST_FILE = CryptoSwiftTests/Info.plist;
				IPHONEOS_DEPLOYMENT_TARGET = 10.3;
				LD_RUNPATH_SEARCH_PATHS = "$(inherited) @executable_path/Frameworks @loader_path/Frameworks";
				PRODUCT_BUNDLE_IDENTIFIER = com.ahdenglish.CryptoSwiftTests;
				PRODUCT_NAME = "$(TARGET_NAME)";
				SWIFT_VERSION = 3.0;
				TEST_HOST = "$(BUILT_PRODUCTS_DIR)/MobileTrading.app/MobileTrading";
			};
			name = Release;
		};
		E5D777C91E99414F00FCEF2D /* Debug */ = {
			isa = XCBuildConfiguration;
			baseConfigurationReference = 71D3A1ECC598965B0F95C340 /* Pods-RNCryptorTests.debug.xcconfig */;
			buildSettings = {
				BUNDLE_LOADER = "$(TEST_HOST)";
				CLANG_ENABLE_MODULES = YES;
				DEVELOPMENT_TEAM = C2MD5G6WC2;
				INFOPLIST_FILE = RNCryptorTests/Info.plist;
				IPHONEOS_DEPLOYMENT_TARGET = 10.3;
				LD_RUNPATH_SEARCH_PATHS = "$(inherited) @executable_path/Frameworks @loader_path/Frameworks";
				PRODUCT_BUNDLE_IDENTIFIER = com.ahdenglish.RNCryptorTests;
				PRODUCT_NAME = "$(TARGET_NAME)";
				SWIFT_OPTIMIZATION_LEVEL = "-Onone";
				SWIFT_VERSION = 3.0;
				TEST_HOST = "$(BUILT_PRODUCTS_DIR)/MobileTrading.app/MobileTrading";
			};
			name = Debug;
		};
		E5D777CA1E99414F00FCEF2D /* Release */ = {
			isa = XCBuildConfiguration;
			baseConfigurationReference = C3DDACF4E2310733FA098DA5 /* Pods-RNCryptorTests.release.xcconfig */;
			buildSettings = {
				BUNDLE_LOADER = "$(TEST_HOST)";
				CLANG_ENABLE_MODULES = YES;
				DEVELOPMENT_TEAM = C2MD5G6WC2;
				INFOPLIST_FILE = RNCryptorTests/Info.plist;
				IPHONEOS_DEPLOYMENT_TARGET = 10.3;
				LD_RUNPATH_SEARCH_PATHS = "$(inherited) @executable_path/Frameworks @loader_path/Frameworks";
				PRODUCT_BUNDLE_IDENTIFIER = com.ahdenglish.RNCryptorTests;
				PRODUCT_NAME = "$(TARGET_NAME)";
				SWIFT_VERSION = 3.0;
				TEST_HOST = "$(BUILT_PRODUCTS_DIR)/MobileTrading.app/MobileTrading";
			};
			name = Release;
		};
		E5D777F41E99CA3200FCEF2D /* Debug */ = {
			isa = XCBuildConfiguration;
			baseConfigurationReference = 4F2AD3DB7890C7B01663C08B /* Pods-ZipTests.debug.xcconfig */;
			buildSettings = {
				BUNDLE_LOADER = "$(TEST_HOST)";
				CLANG_ENABLE_MODULES = YES;
				DEVELOPMENT_TEAM = C2MD5G6WC2;
				INFOPLIST_FILE = ZipTests/Info.plist;
				IPHONEOS_DEPLOYMENT_TARGET = 10.3;
				LD_RUNPATH_SEARCH_PATHS = "$(inherited) @executable_path/Frameworks @loader_path/Frameworks";
				PRODUCT_BUNDLE_IDENTIFIER = com.ahdenglish.ZipTests;
				PRODUCT_NAME = "$(TARGET_NAME)";
				SWIFT_OPTIMIZATION_LEVEL = "-Onone";
				SWIFT_VERSION = 3.0;
				TEST_HOST = "$(BUILT_PRODUCTS_DIR)/MobileTrading.app/MobileTrading";
			};
			name = Debug;
		};
		E5D777F51E99CA3200FCEF2D /* Release */ = {
			isa = XCBuildConfiguration;
			baseConfigurationReference = C2B18D6A0D55A06E419C05E0 /* Pods-ZipTests.release.xcconfig */;
			buildSettings = {
				BUNDLE_LOADER = "$(TEST_HOST)";
				CLANG_ENABLE_MODULES = YES;
				DEVELOPMENT_TEAM = C2MD5G6WC2;
				INFOPLIST_FILE = ZipTests/Info.plist;
				IPHONEOS_DEPLOYMENT_TARGET = 10.3;
				LD_RUNPATH_SEARCH_PATHS = "$(inherited) @executable_path/Frameworks @loader_path/Frameworks";
				PRODUCT_BUNDLE_IDENTIFIER = com.ahdenglish.ZipTests;
				PRODUCT_NAME = "$(TARGET_NAME)";
				SWIFT_VERSION = 3.0;
				TEST_HOST = "$(BUILT_PRODUCTS_DIR)/MobileTrading.app/MobileTrading";
			};
			name = Release;
		};
		E5E247971E9BC8160063D4B8 /* Debug */ = {
			isa = XCBuildConfiguration;
			baseConfigurationReference = 9E648F8D79868BAD3818B94D /* Pods-SSZipArchiveTests.debug.xcconfig */;
			buildSettings = {
				BUNDLE_LOADER = "$(TEST_HOST)";
				DEVELOPMENT_TEAM = C2MD5G6WC2;
				INFOPLIST_FILE = SSZipArchiveTests/Info.plist;
				IPHONEOS_DEPLOYMENT_TARGET = 10.3;
				LD_RUNPATH_SEARCH_PATHS = "$(inherited) @executable_path/Frameworks @loader_path/Frameworks";
				PRODUCT_BUNDLE_IDENTIFIER = com.ahdenglish.SSZipArchiveTests;
				PRODUCT_NAME = "$(TARGET_NAME)";
				SWIFT_VERSION = 3.0;
				TEST_HOST = "$(BUILT_PRODUCTS_DIR)/MobileTrading.app/MobileTrading";
			};
			name = Debug;
		};
		E5E247981E9BC8160063D4B8 /* Release */ = {
			isa = XCBuildConfiguration;
			baseConfigurationReference = 9300C9217DC7208D8EC598E4 /* Pods-SSZipArchiveTests.release.xcconfig */;
			buildSettings = {
				BUNDLE_LOADER = "$(TEST_HOST)";
				DEVELOPMENT_TEAM = C2MD5G6WC2;
				INFOPLIST_FILE = SSZipArchiveTests/Info.plist;
				IPHONEOS_DEPLOYMENT_TARGET = 10.3;
				LD_RUNPATH_SEARCH_PATHS = "$(inherited) @executable_path/Frameworks @loader_path/Frameworks";
				PRODUCT_BUNDLE_IDENTIFIER = com.ahdenglish.SSZipArchiveTests;
				PRODUCT_NAME = "$(TARGET_NAME)";
				SWIFT_VERSION = 3.0;
				TEST_HOST = "$(BUILT_PRODUCTS_DIR)/MobileTrading.app/MobileTrading";
			};
			name = Release;
		};
/* End XCBuildConfiguration section */

/* Begin XCConfigurationList section */
		E525AF901E95F44B00BAE5C4 /* Build configuration list for PBXProject "MobileTrading" */ = {
			isa = XCConfigurationList;
			buildConfigurations = (
				E525AFBB1E95F44B00BAE5C4 /* Debug */,
				E525AFBC1E95F44B00BAE5C4 /* Release */,
			);
			defaultConfigurationIsVisible = 0;
			defaultConfigurationName = Release;
		};
		E525AFBD1E95F44B00BAE5C4 /* Build configuration list for PBXNativeTarget "MobileTrading" */ = {
			isa = XCConfigurationList;
			buildConfigurations = (
				E525AFBE1E95F44B00BAE5C4 /* Debug */,
				E525AFBF1E95F44B00BAE5C4 /* Release */,
			);
			defaultConfigurationIsVisible = 0;
			defaultConfigurationName = Release;
		};
		E525AFC01E95F44B00BAE5C4 /* Build configuration list for PBXNativeTarget "MobileTradingTests" */ = {
			isa = XCConfigurationList;
			buildConfigurations = (
				E525AFC11E95F44B00BAE5C4 /* Debug */,
				E525AFC21E95F44B00BAE5C4 /* Release */,
			);
			defaultConfigurationIsVisible = 0;
			defaultConfigurationName = Release;
		};
		E525AFC31E95F44B00BAE5C4 /* Build configuration list for PBXNativeTarget "MobileTradingUITests" */ = {
			isa = XCConfigurationList;
			buildConfigurations = (
				E525AFC41E95F44B00BAE5C4 /* Debug */,
				E525AFC51E95F44B00BAE5C4 /* Release */,
			);
			defaultConfigurationIsVisible = 0;
			defaultConfigurationName = Release;
		};
		E5D7778E1E993C9C00FCEF2D /* Build configuration list for PBXNativeTarget "GzipTests" */ = {
			isa = XCConfigurationList;
			buildConfigurations = (
				E5D7778F1E993C9C00FCEF2D /* Debug */,
				E5D777901E993C9C00FCEF2D /* Release */,
			);
			defaultConfigurationIsVisible = 0;
			defaultConfigurationName = Release;
		};
		E5D777A21E99408000FCEF2D /* Build configuration list for PBXNativeTarget "CryptoSwiftTests" */ = {
			isa = XCConfigurationList;
			buildConfigurations = (
				E5D777A31E99408000FCEF2D /* Debug */,
				E5D777A41E99408000FCEF2D /* Release */,
			);
			defaultConfigurationIsVisible = 0;
			defaultConfigurationName = Release;
		};
		E5D777C81E99414F00FCEF2D /* Build configuration list for PBXNativeTarget "RNCryptorTests" */ = {
			isa = XCConfigurationList;
			buildConfigurations = (
				E5D777C91E99414F00FCEF2D /* Debug */,
				E5D777CA1E99414F00FCEF2D /* Release */,
			);
			defaultConfigurationIsVisible = 0;
			defaultConfigurationName = Release;
		};
		E5D777F31E99CA3200FCEF2D /* Build configuration list for PBXNativeTarget "ZipTests" */ = {
			isa = XCConfigurationList;
			buildConfigurations = (
				E5D777F41E99CA3200FCEF2D /* Debug */,
				E5D777F51E99CA3200FCEF2D /* Release */,
			);
			defaultConfigurationIsVisible = 0;
			defaultConfigurationName = Release;
		};
		E5E247991E9BC8160063D4B8 /* Build configuration list for PBXNativeTarget "SSZipArchiveTests" */ = {
			isa = XCConfigurationList;
			buildConfigurations = (
				E5E247971E9BC8160063D4B8 /* Debug */,
				E5E247981E9BC8160063D4B8 /* Release */,
			);
			defaultConfigurationIsVisible = 0;
			defaultConfigurationName = Release;
		};
/* End XCConfigurationList section */
	};
	rootObject = E525AF8D1E95F44B00BAE5C4 /* Project object */;
}
