// !$*UTF8*$!
{
	archiveVersion = 1;
	classes = {
	};
	objectVersion = 46;
	objects = {

/* Begin PBXBuildFile section */
		0AFB905ECE9E2ECCB8FFAEE6 /* Pods_MobileTradingTests.framework in Frameworks */ = {isa = PBXBuildFile; fileRef = 1C90458373B480566F5CB5D9 /* Pods_MobileTradingTests.framework */; };
		2E5ABE482C1AA74FE51A4E55 /* Pods_MobileTrading.framework in Frameworks */ = {isa = PBXBuildFile; fileRef = E2501F4CB39FCC850C7C4425 /* Pods_MobileTrading.framework */; };
		D91E6B06D5E3CBA63D0B05AC /* Pods_MobileTradingUITests.framework in Frameworks */ = {isa = PBXBuildFile; fileRef = 5CC78CDF92091C2875F5416A /* Pods_MobileTradingUITests.framework */; };
		E525AF991E95F44B00BAE5C4 /* AppDelegate.swift in Sources */ = {isa = PBXBuildFile; fileRef = E525AF981E95F44B00BAE5C4 /* AppDelegate.swift */; };
		E525AF9B1E95F44B00BAE5C4 /* ViewController.swift in Sources */ = {isa = PBXBuildFile; fileRef = E525AF9A1E95F44B00BAE5C4 /* ViewController.swift */; };
		E525AF9E1E95F44B00BAE5C4 /* Main.storyboard in Resources */ = {isa = PBXBuildFile; fileRef = E525AF9C1E95F44B00BAE5C4 /* Main.storyboard */; };
		E525AFA01E95F44B00BAE5C4 /* Assets.xcassets in Resources */ = {isa = PBXBuildFile; fileRef = E525AF9F1E95F44B00BAE5C4 /* Assets.xcassets */; };
		E525AFA31E95F44B00BAE5C4 /* LaunchScreen.storyboard in Resources */ = {isa = PBXBuildFile; fileRef = E525AFA11E95F44B00BAE5C4 /* LaunchScreen.storyboard */; };
		E525AFAE1E95F44B00BAE5C4 /* MobileTradingTests.swift in Sources */ = {isa = PBXBuildFile; fileRef = E525AFAD1E95F44B00BAE5C4 /* MobileTradingTests.swift */; };
		E525AFB91E95F44B00BAE5C4 /* MobileTradingUITests.swift in Sources */ = {isa = PBXBuildFile; fileRef = E525AFB81E95F44B00BAE5C4 /* MobileTradingUITests.swift */; };
		E5906A071E9873E000F696FB /* Data.swift in Sources */ = {isa = PBXBuildFile; fileRef = E59069FE1E9873E000F696FB /* Data.swift */; };
		E5906A081E9873E000F696FB /* RNCryptorGeneratedVectorTests.swift in Sources */ = {isa = PBXBuildFile; fileRef = E5906A001E9873E000F696FB /* RNCryptorGeneratedVectorTests.swift */; };
		E5906A091E9873E000F696FB /* GenVectorTests in Resources */ = {isa = PBXBuildFile; fileRef = E5906A011E9873E000F696FB /* GenVectorTests */; };
		E5906A0A1E9873E000F696FB /* Info.plist in Resources */ = {isa = PBXBuildFile; fileRef = E5906A021E9873E000F696FB /* Info.plist */; };
		E5906A0B1E9873E000F696FB /* OverfowingBuffer.swift in Sources */ = {isa = PBXBuildFile; fileRef = E5906A031E9873E000F696FB /* OverfowingBuffer.swift */; };
		E5906A0C1E9873E000F696FB /* RNCryptorPerformance.swift in Sources */ = {isa = PBXBuildFile; fileRef = E5906A041E9873E000F696FB /* RNCryptorPerformance.swift */; };
		E5906A0D1E9873E000F696FB /* RNCryptorTests.swift in Sources */ = {isa = PBXBuildFile; fileRef = E5906A051E9873E000F696FB /* RNCryptorTests.swift */; };
		E5906A0E1E9873E000F696FB /* VectorTestHelpers.swift in Sources */ = {isa = PBXBuildFile; fileRef = E5906A061E9873E000F696FB /* VectorTestHelpers.swift */; };
		E5906A5B1E9886FB00F696FB /* Access.swift in Sources */ = {isa = PBXBuildFile; fileRef = E5906A4F1E9886FB00F696FB /* Access.swift */; };
		E5906A5C1E9886FB00F696FB /* AESTests.swift in Sources */ = {isa = PBXBuildFile; fileRef = E5906A501E9886FB00F696FB /* AESTests.swift */; };
		E5906A5D1E9886FB00F696FB /* BlowfishTests.swift in Sources */ = {isa = PBXBuildFile; fileRef = E5906A511E9886FB00F696FB /* BlowfishTests.swift */; };
		E5906A5E1E9886FB00F696FB /* ChaCha20Tests.swift in Sources */ = {isa = PBXBuildFile; fileRef = E5906A521E9886FB00F696FB /* ChaCha20Tests.swift */; };
		E5906A5F1E9886FB00F696FB /* DigestTests.swift in Sources */ = {isa = PBXBuildFile; fileRef = E5906A531E9886FB00F696FB /* DigestTests.swift */; };
		E5906A601E9886FB00F696FB /* ExtensionsTest.swift in Sources */ = {isa = PBXBuildFile; fileRef = E5906A541E9886FB00F696FB /* ExtensionsTest.swift */; };
		E5906A611E9886FB00F696FB /* HMACTests.swift in Sources */ = {isa = PBXBuildFile; fileRef = E5906A551E9886FB00F696FB /* HMACTests.swift */; };
		E5906A621E9886FB00F696FB /* PaddingTests.swift in Sources */ = {isa = PBXBuildFile; fileRef = E5906A561E9886FB00F696FB /* PaddingTests.swift */; };
		E5906A631E9886FB00F696FB /* PBKDF.swift in Sources */ = {isa = PBXBuildFile; fileRef = E5906A571E9886FB00F696FB /* PBKDF.swift */; };
		E5906A641E9886FB00F696FB /* Poly1305Tests.swift in Sources */ = {isa = PBXBuildFile; fileRef = E5906A581E9886FB00F696FB /* Poly1305Tests.swift */; };
		E5906A651E9886FB00F696FB /* RabbitTests.swift in Sources */ = {isa = PBXBuildFile; fileRef = E5906A591E9886FB00F696FB /* RabbitTests.swift */; };
		E5906A661E9886FB00F696FB /* RandomBytesSequenceTests.swift in Sources */ = {isa = PBXBuildFile; fileRef = E5906A5A1E9886FB00F696FB /* RandomBytesSequenceTests.swift */; };
		E5906A691E988BA100F696FB /* String+MTExtension.swift in Sources */ = {isa = PBXBuildFile; fileRef = E5906A681E988BA100F696FB /* String+MTExtension.swift */; };
		E5906A6B1E988E1400F696FB /* NSObject+MTExtension.swift in Sources */ = {isa = PBXBuildFile; fileRef = E5906A6A1E988E1400F696FB /* NSObject+MTExtension.swift */; };
		E5CABEA21E9682800005933D /* flag-assets.bundle in Resources */ = {isa = PBXBuildFile; fileRef = E5CABEA11E9682800005933D /* flag-assets.bundle */; };
		E5CABEA41E9682CB0005933D /* FlagKit.swift in Sources */ = {isa = PBXBuildFile; fileRef = E5CABEA31E9682CB0005933D /* FlagKit.swift */; };
		E5CABEA81E968DF50005933D /* libcompression.tbd in Frameworks */ = {isa = PBXBuildFile; fileRef = E5CABEA71E968DF50005933D /* libcompression.tbd */; };
		E5CABEAA1E968E2F0005933D /* Data+Compression.swift in Sources */ = {isa = PBXBuildFile; fileRef = E5CABEA91E968E2F0005933D /* Data+Compression.swift */; };
		E5D7776D1E98CD1E00FCEF2D /* UIWindow+MTExtension.swift in Sources */ = {isa = PBXBuildFile; fileRef = E5D7776C1E98CD1E00FCEF2D /* UIWindow+MTExtension.swift */; };
		E5D7776F1E98CDA700FCEF2D /* Realm+MTExtension.swift in Sources */ = {isa = PBXBuildFile; fileRef = E5D7776E1E98CDA700FCEF2D /* Realm+MTExtension.swift */; };
/* End PBXBuildFile section */

/* Begin PBXContainerItemProxy section */
		E525AFAA1E95F44B00BAE5C4 /* PBXContainerItemProxy */ = {
			isa = PBXContainerItemProxy;
			containerPortal = E525AF8D1E95F44B00BAE5C4 /* Project object */;
			proxyType = 1;
			remoteGlobalIDString = E525AF941E95F44B00BAE5C4;
			remoteInfo = MobileTrading;
		};
		E525AFB51E95F44B00BAE5C4 /* PBXContainerItemProxy */ = {
			isa = PBXContainerItemProxy;
			containerPortal = E525AF8D1E95F44B00BAE5C4 /* Project object */;
			proxyType = 1;
			remoteGlobalIDString = E525AF941E95F44B00BAE5C4;
			remoteInfo = MobileTrading;
		};
/* End PBXContainerItemProxy section */

/* Begin PBXFileReference section */
		1C90458373B480566F5CB5D9 /* Pods_MobileTradingTests.framework */ = {isa = PBXFileReference; explicitFileType = wrapper.framework; includeInIndex = 0; path = Pods_MobileTradingTests.framework; sourceTree = BUILT_PRODUCTS_DIR; };
		29417CDCA19910BE815E66A0 /* Pods-MobileTradingUITests.debug.xcconfig */ = {isa = PBXFileReference; includeInIndex = 1; lastKnownFileType = text.xcconfig; name = "Pods-MobileTradingUITests.debug.xcconfig"; path = "Pods/Target Support Files/Pods-MobileTradingUITests/Pods-MobileTradingUITests.debug.xcconfig"; sourceTree = "<group>"; };
		5A065D63AFBE785C70DE7E57 /* Pods-MobileTradingTests.debug.xcconfig */ = {isa = PBXFileReference; includeInIndex = 1; lastKnownFileType = text.xcconfig; name = "Pods-MobileTradingTests.debug.xcconfig"; path = "Pods/Target Support Files/Pods-MobileTradingTests/Pods-MobileTradingTests.debug.xcconfig"; sourceTree = "<group>"; };
		5CC78CDF92091C2875F5416A /* Pods_MobileTradingUITests.framework */ = {isa = PBXFileReference; explicitFileType = wrapper.framework; includeInIndex = 0; path = Pods_MobileTradingUITests.framework; sourceTree = BUILT_PRODUCTS_DIR; };
		A2DD4CFEA59EEBC1811953FA /* Pods-MobileTradingUITests.release.xcconfig */ = {isa = PBXFileReference; includeInIndex = 1; lastKnownFileType = text.xcconfig; name = "Pods-MobileTradingUITests.release.xcconfig"; path = "Pods/Target Support Files/Pods-MobileTradingUITests/Pods-MobileTradingUITests.release.xcconfig"; sourceTree = "<group>"; };
		C11BBCA374566E04C8D07A3D /* Pods-MobileTradingTests.release.xcconfig */ = {isa = PBXFileReference; includeInIndex = 1; lastKnownFileType = text.xcconfig; name = "Pods-MobileTradingTests.release.xcconfig"; path = "Pods/Target Support Files/Pods-MobileTradingTests/Pods-MobileTradingTests.release.xcconfig"; sourceTree = "<group>"; };
		E2501F4CB39FCC850C7C4425 /* Pods_MobileTrading.framework */ = {isa = PBXFileReference; explicitFileType = wrapper.framework; includeInIndex = 0; path = Pods_MobileTrading.framework; sourceTree = BUILT_PRODUCTS_DIR; };
		E525AF951E95F44B00BAE5C4 /* MobileTrading.app */ = {isa = PBXFileReference; explicitFileType = wrapper.application; includeInIndex = 0; path = MobileTrading.app; sourceTree = BUILT_PRODUCTS_DIR; };
		E525AF981E95F44B00BAE5C4 /* AppDelegate.swift */ = {isa = PBXFileReference; lastKnownFileType = sourcecode.swift; path = AppDelegate.swift; sourceTree = "<group>"; };
		E525AF9A1E95F44B00BAE5C4 /* ViewController.swift */ = {isa = PBXFileReference; lastKnownFileType = sourcecode.swift; path = ViewController.swift; sourceTree = "<group>"; };
		E525AF9D1E95F44B00BAE5C4 /* Base */ = {isa = PBXFileReference; lastKnownFileType = file.storyboard; name = Base; path = Base.lproj/Main.storyboard; sourceTree = "<group>"; };
		E525AF9F1E95F44B00BAE5C4 /* Assets.xcassets */ = {isa = PBXFileReference; lastKnownFileType = folder.assetcatalog; path = Assets.xcassets; sourceTree = "<group>"; };
		E525AFA21E95F44B00BAE5C4 /* Base */ = {isa = PBXFileReference; lastKnownFileType = file.storyboard; name = Base; path = Base.lproj/LaunchScreen.storyboard; sourceTree = "<group>"; };
		E525AFA41E95F44B00BAE5C4 /* Info.plist */ = {isa = PBXFileReference; lastKnownFileType = text.plist.xml; path = Info.plist; sourceTree = "<group>"; };
		E525AFA91E95F44B00BAE5C4 /* MobileTradingTests.xctest */ = {isa = PBXFileReference; explicitFileType = wrapper.cfbundle; includeInIndex = 0; path = MobileTradingTests.xctest; sourceTree = BUILT_PRODUCTS_DIR; };
		E525AFAD1E95F44B00BAE5C4 /* MobileTradingTests.swift */ = {isa = PBXFileReference; lastKnownFileType = sourcecode.swift; path = MobileTradingTests.swift; sourceTree = "<group>"; };
		E525AFAF1E95F44B00BAE5C4 /* Info.plist */ = {isa = PBXFileReference; lastKnownFileType = text.plist.xml; path = Info.plist; sourceTree = "<group>"; };
		E525AFB41E95F44B00BAE5C4 /* MobileTradingUITests.xctest */ = {isa = PBXFileReference; explicitFileType = wrapper.cfbundle; includeInIndex = 0; path = MobileTradingUITests.xctest; sourceTree = BUILT_PRODUCTS_DIR; };
		E525AFB81E95F44B00BAE5C4 /* MobileTradingUITests.swift */ = {isa = PBXFileReference; lastKnownFileType = sourcecode.swift; path = MobileTradingUITests.swift; sourceTree = "<group>"; };
		E525AFBA1E95F44B00BAE5C4 /* Info.plist */ = {isa = PBXFileReference; lastKnownFileType = text.plist.xml; path = Info.plist; sourceTree = "<group>"; };
		E59069FE1E9873E000F696FB /* Data.swift */ = {isa = PBXFileReference; fileEncoding = 4; lastKnownFileType = sourcecode.swift; path = Data.swift; sourceTree = "<group>"; };
		E5906A001E9873E000F696FB /* RNCryptorGeneratedVectorTests.swift */ = {isa = PBXFileReference; fileEncoding = 4; lastKnownFileType = sourcecode.swift; path = RNCryptorGeneratedVectorTests.swift; sourceTree = "<group>"; };
		E5906A011E9873E000F696FB /* GenVectorTests */ = {isa = PBXFileReference; fileEncoding = 4; lastKnownFileType = text; path = GenVectorTests; sourceTree = "<group>"; };
		E5906A021E9873E000F696FB /* Info.plist */ = {isa = PBXFileReference; fileEncoding = 4; lastKnownFileType = text.plist.xml; path = Info.plist; sourceTree = "<group>"; };
		E5906A031E9873E000F696FB /* OverfowingBuffer.swift */ = {isa = PBXFileReference; fileEncoding = 4; lastKnownFileType = sourcecode.swift; path = OverfowingBuffer.swift; sourceTree = "<group>"; };
		E5906A041E9873E000F696FB /* RNCryptorPerformance.swift */ = {isa = PBXFileReference; fileEncoding = 4; lastKnownFileType = sourcecode.swift; path = RNCryptorPerformance.swift; sourceTree = "<group>"; };
		E5906A051E9873E000F696FB /* RNCryptorTests.swift */ = {isa = PBXFileReference; fileEncoding = 4; lastKnownFileType = sourcecode.swift; path = RNCryptorTests.swift; sourceTree = "<group>"; };
		E5906A061E9873E000F696FB /* VectorTestHelpers.swift */ = {isa = PBXFileReference; fileEncoding = 4; lastKnownFileType = sourcecode.swift; path = VectorTestHelpers.swift; sourceTree = "<group>"; };
		E5906A4F1E9886FB00F696FB /* Access.swift */ = {isa = PBXFileReference; fileEncoding = 4; lastKnownFileType = sourcecode.swift; path = Access.swift; sourceTree = "<group>"; };
		E5906A501E9886FB00F696FB /* AESTests.swift */ = {isa = PBXFileReference; fileEncoding = 4; lastKnownFileType = sourcecode.swift; path = AESTests.swift; sourceTree = "<group>"; };
		E5906A511E9886FB00F696FB /* BlowfishTests.swift */ = {isa = PBXFileReference; fileEncoding = 4; lastKnownFileType = sourcecode.swift; path = BlowfishTests.swift; sourceTree = "<group>"; };
		E5906A521E9886FB00F696FB /* ChaCha20Tests.swift */ = {isa = PBXFileReference; fileEncoding = 4; lastKnownFileType = sourcecode.swift; path = ChaCha20Tests.swift; sourceTree = "<group>"; };
		E5906A531E9886FB00F696FB /* DigestTests.swift */ = {isa = PBXFileReference; fileEncoding = 4; lastKnownFileType = sourcecode.swift; path = DigestTests.swift; sourceTree = "<group>"; };
		E5906A541E9886FB00F696FB /* ExtensionsTest.swift */ = {isa = PBXFileReference; fileEncoding = 4; lastKnownFileType = sourcecode.swift; path = ExtensionsTest.swift; sourceTree = "<group>"; };
		E5906A551E9886FB00F696FB /* HMACTests.swift */ = {isa = PBXFileReference; fileEncoding = 4; lastKnownFileType = sourcecode.swift; path = HMACTests.swift; sourceTree = "<group>"; };
		E5906A561E9886FB00F696FB /* PaddingTests.swift */ = {isa = PBXFileReference; fileEncoding = 4; lastKnownFileType = sourcecode.swift; path = PaddingTests.swift; sourceTree = "<group>"; };
		E5906A571E9886FB00F696FB /* PBKDF.swift */ = {isa = PBXFileReference; fileEncoding = 4; lastKnownFileType = sourcecode.swift; path = PBKDF.swift; sourceTree = "<group>"; };
		E5906A581E9886FB00F696FB /* Poly1305Tests.swift */ = {isa = PBXFileReference; fileEncoding = 4; lastKnownFileType = sourcecode.swift; path = Poly1305Tests.swift; sourceTree = "<group>"; };
		E5906A591E9886FB00F696FB /* RabbitTests.swift */ = {isa = PBXFileReference; fileEncoding = 4; lastKnownFileType = sourcecode.swift; path = RabbitTests.swift; sourceTree = "<group>"; };
		E5906A5A1E9886FB00F696FB /* RandomBytesSequenceTests.swift */ = {isa = PBXFileReference; fileEncoding = 4; lastKnownFileType = sourcecode.swift; path = RandomBytesSequenceTests.swift; sourceTree = "<group>"; };
		E5906A681E988BA100F696FB /* String+MTExtension.swift */ = {isa = PBXFileReference; fileEncoding = 4; lastKnownFileType = sourcecode.swift; path = "String+MTExtension.swift"; sourceTree = "<group>"; };
		E5906A6A1E988E1400F696FB /* NSObject+MTExtension.swift */ = {isa = PBXFileReference; fileEncoding = 4; lastKnownFileType = sourcecode.swift; path = "NSObject+MTExtension.swift"; sourceTree = "<group>"; };
		E5CABEA11E9682800005933D /* flag-assets.bundle */ = {isa = PBXFileReference; lastKnownFileType = "wrapper.plug-in"; path = "flag-assets.bundle"; sourceTree = "<group>"; };
		E5CABEA31E9682CB0005933D /* FlagKit.swift */ = {isa = PBXFileReference; fileEncoding = 4; lastKnownFileType = sourcecode.swift; path = FlagKit.swift; sourceTree = "<group>"; };
		E5CABEA71E968DF50005933D /* libcompression.tbd */ = {isa = PBXFileReference; lastKnownFileType = "sourcecode.text-based-dylib-definition"; name = libcompression.tbd; path = usr/lib/libcompression.tbd; sourceTree = SDKROOT; };
		E5CABEA91E968E2F0005933D /* Data+Compression.swift */ = {isa = PBXFileReference; fileEncoding = 4; lastKnownFileType = sourcecode.swift; path = "Data+Compression.swift"; sourceTree = "<group>"; };
		E5D7776C1E98CD1E00FCEF2D /* UIWindow+MTExtension.swift */ = {isa = PBXFileReference; fileEncoding = 4; lastKnownFileType = sourcecode.swift; path = "UIWindow+MTExtension.swift"; sourceTree = "<group>"; };
		E5D7776E1E98CDA700FCEF2D /* Realm+MTExtension.swift */ = {isa = PBXFileReference; fileEncoding = 4; lastKnownFileType = sourcecode.swift; path = "Realm+MTExtension.swift"; sourceTree = "<group>"; };
		EDDDBDB3D6558321B3B42B05 /* Pods-MobileTrading.debug.xcconfig */ = {isa = PBXFileReference; includeInIndex = 1; lastKnownFileType = text.xcconfig; name = "Pods-MobileTrading.debug.xcconfig"; path = "Pods/Target Support Files/Pods-MobileTrading/Pods-MobileTrading.debug.xcconfig"; sourceTree = "<group>"; };
		FAD3A2514DE8E65672C9F0DE /* Pods-MobileTrading.release.xcconfig */ = {isa = PBXFileReference; includeInIndex = 1; lastKnownFileType = text.xcconfig; name = "Pods-MobileTrading.release.xcconfig"; path = "Pods/Target Support Files/Pods-MobileTrading/Pods-MobileTrading.release.xcconfig"; sourceTree = "<group>"; };
/* End PBXFileReference section */

/* Begin PBXFrameworksBuildPhase section */
		E525AF921E95F44B00BAE5C4 /* Frameworks */ = {
			isa = PBXFrameworksBuildPhase;
			buildActionMask = 2147483647;
			files = (
				E5CABEA81E968DF50005933D /* libcompression.tbd in Frameworks */,
				2E5ABE482C1AA74FE51A4E55 /* Pods_MobileTrading.framework in Frameworks */,
			);
			runOnlyForDeploymentPostprocessing = 0;
		};
		E525AFA61E95F44B00BAE5C4 /* Frameworks */ = {
			isa = PBXFrameworksBuildPhase;
			buildActionMask = 2147483647;
			files = (
				0AFB905ECE9E2ECCB8FFAEE6 /* Pods_MobileTradingTests.framework in Frameworks */,
			);
			runOnlyForDeploymentPostprocessing = 0;
		};
		E525AFB11E95F44B00BAE5C4 /* Frameworks */ = {
			isa = PBXFrameworksBuildPhase;
			buildActionMask = 2147483647;
			files = (
				D91E6B06D5E3CBA63D0B05AC /* Pods_MobileTradingUITests.framework in Frameworks */,
			);
			runOnlyForDeploymentPostprocessing = 0;
		};
/* End PBXFrameworksBuildPhase section */

/* Begin PBXGroup section */
		89CF864E07D31887339EEC15 /* Pods */ = {
			isa = PBXGroup;
			children = (
				EDDDBDB3D6558321B3B42B05 /* Pods-MobileTrading.debug.xcconfig */,
				FAD3A2514DE8E65672C9F0DE /* Pods-MobileTrading.release.xcconfig */,
				5A065D63AFBE785C70DE7E57 /* Pods-MobileTradingTests.debug.xcconfig */,
				C11BBCA374566E04C8D07A3D /* Pods-MobileTradingTests.release.xcconfig */,
				29417CDCA19910BE815E66A0 /* Pods-MobileTradingUITests.debug.xcconfig */,
				A2DD4CFEA59EEBC1811953FA /* Pods-MobileTradingUITests.release.xcconfig */,
			);
			name = Pods;
			sourceTree = "<group>";
		};
		D3BFF14FF0403CBE4EC2F357 /* Frameworks */ = {
			isa = PBXGroup;
			children = (
				E5CABEA71E968DF50005933D /* libcompression.tbd */,
				E2501F4CB39FCC850C7C4425 /* Pods_MobileTrading.framework */,
				1C90458373B480566F5CB5D9 /* Pods_MobileTradingTests.framework */,
				5CC78CDF92091C2875F5416A /* Pods_MobileTradingUITests.framework */,
			);
			name = Frameworks;
			sourceTree = "<group>";
		};
		E525AF8C1E95F44B00BAE5C4 = {
			isa = PBXGroup;
			children = (
				E5CABE9E1E96824D0005933D /* Libs */,
				E525AF971E95F44B00BAE5C4 /* MobileTrading */,
				E525AFAC1E95F44B00BAE5C4 /* MobileTradingTests */,
				E525AFB71E95F44B00BAE5C4 /* MobileTradingUITests */,
				E525AF961E95F44B00BAE5C4 /* Products */,
				89CF864E07D31887339EEC15 /* Pods */,
				D3BFF14FF0403CBE4EC2F357 /* Frameworks */,
			);
			sourceTree = "<group>";
		};
		E525AF961E95F44B00BAE5C4 /* Products */ = {
			isa = PBXGroup;
			children = (
				E525AF951E95F44B00BAE5C4 /* MobileTrading.app */,
				E525AFA91E95F44B00BAE5C4 /* MobileTradingTests.xctest */,
				E525AFB41E95F44B00BAE5C4 /* MobileTradingUITests.xctest */,
			);
			name = Products;
			sourceTree = "<group>";
		};
		E525AF971E95F44B00BAE5C4 /* MobileTrading */ = {
			isa = PBXGroup;
			children = (
				E525AF981E95F44B00BAE5C4 /* AppDelegate.swift */,
				E525AF9A1E95F44B00BAE5C4 /* ViewController.swift */,
				E525AF9C1E95F44B00BAE5C4 /* Main.storyboard */,
				E525AF9F1E95F44B00BAE5C4 /* Assets.xcassets */,
				E525AFA11E95F44B00BAE5C4 /* LaunchScreen.storyboard */,
				E525AFA41E95F44B00BAE5C4 /* Info.plist */,
			);
			path = MobileTrading;
			sourceTree = "<group>";
		};
		E525AFAC1E95F44B00BAE5C4 /* MobileTradingTests */ = {
			isa = PBXGroup;
			children = (
				E59069FC1E9873E000F696FB /* ModulesTests */,
				E525AFAD1E95F44B00BAE5C4 /* MobileTradingTests.swift */,
				E525AFAF1E95F44B00BAE5C4 /* Info.plist */,
			);
			path = MobileTradingTests;
			sourceTree = "<group>";
		};
		E525AFB71E95F44B00BAE5C4 /* MobileTradingUITests */ = {
			isa = PBXGroup;
			children = (
				E525AFB81E95F44B00BAE5C4 /* MobileTradingUITests.swift */,
				E525AFBA1E95F44B00BAE5C4 /* Info.plist */,
			);
			path = MobileTradingUITests;
			sourceTree = "<group>";
		};
		E59069FC1E9873E000F696FB /* ModulesTests */ = {
			isa = PBXGroup;
			children = (
				E5906A4E1E9886FB00F696FB /* CryptoSwiftTests */,
				E59069FD1E9873E000F696FB /* RNCryptorTests */,
			);
			name = ModulesTests;
			path = ../../ModulesTests;
			sourceTree = "<group>";
		};
		E59069FD1E9873E000F696FB /* RNCryptorTests */ = {
			isa = PBXGroup;
			children = (
				E59069FE1E9873E000F696FB /* Data.swift */,
				E59069FF1E9873E000F696FB /* GeneratedTests */,
				E5906A011E9873E000F696FB /* GenVectorTests */,
				E5906A021E9873E000F696FB /* Info.plist */,
				E5906A031E9873E000F696FB /* OverfowingBuffer.swift */,
				E5906A041E9873E000F696FB /* RNCryptorPerformance.swift */,
				E5906A051E9873E000F696FB /* RNCryptorTests.swift */,
				E5906A061E9873E000F696FB /* VectorTestHelpers.swift */,
			);
			path = RNCryptorTests;
			sourceTree = "<group>";
		};
		E59069FF1E9873E000F696FB /* GeneratedTests */ = {
			isa = PBXGroup;
			children = (
				E5906A001E9873E000F696FB /* RNCryptorGeneratedVectorTests.swift */,
			);
			path = GeneratedTests;
			sourceTree = "<group>";
		};
		E5906A4E1E9886FB00F696FB /* CryptoSwiftTests */ = {
			isa = PBXGroup;
			children = (
				E5906A4F1E9886FB00F696FB /* Access.swift */,
				E5906A501E9886FB00F696FB /* AESTests.swift */,
				E5906A511E9886FB00F696FB /* BlowfishTests.swift */,
				E5906A521E9886FB00F696FB /* ChaCha20Tests.swift */,
				E5906A531E9886FB00F696FB /* DigestTests.swift */,
				E5906A541E9886FB00F696FB /* ExtensionsTest.swift */,
				E5906A551E9886FB00F696FB /* HMACTests.swift */,
				E5906A561E9886FB00F696FB /* PaddingTests.swift */,
				E5906A571E9886FB00F696FB /* PBKDF.swift */,
				E5906A581E9886FB00F696FB /* Poly1305Tests.swift */,
				E5906A591E9886FB00F696FB /* RabbitTests.swift */,
				E5906A5A1E9886FB00F696FB /* RandomBytesSequenceTests.swift */,
			);
			path = CryptoSwiftTests;
			sourceTree = "<group>";
		};
		E5906A671E988AB000F696FB /* Extensions */ = {
			isa = PBXGroup;
			children = (
				E5906A681E988BA100F696FB /* String+MTExtension.swift */,
				E5906A6A1E988E1400F696FB /* NSObject+MTExtension.swift */,
				E5D7776C1E98CD1E00FCEF2D /* UIWindow+MTExtension.swift */,
				E5D7776E1E98CDA700FCEF2D /* Realm+MTExtension.swift */,
			);
			path = Extensions;
			sourceTree = "<group>";
		};
		E5CABE9E1E96824D0005933D /* Libs */ = {
			isa = PBXGroup;
			children = (
				E5CABE9F1E9682800005933D /* Modules */,
			);
			name = Libs;
			sourceTree = "<group>";
		};
		E5CABE9F1E9682800005933D /* Modules */ = {
			isa = PBXGroup;
			children = (
				E5906A671E988AB000F696FB /* Extensions */,
				E5CABEA01E9682800005933D /* FlagKit */,
			);
			name = Modules;
			path = ../Modules;
			sourceTree = "<group>";
		};
		E5CABEA01E9682800005933D /* FlagKit */ = {
			isa = PBXGroup;
			children = (
				E5CABEA91E968E2F0005933D /* Data+Compression.swift */,
				E5CABEA11E9682800005933D /* flag-assets.bundle */,
				E5CABEA31E9682CB0005933D /* FlagKit.swift */,
			);
			path = FlagKit;
			sourceTree = "<group>";
		};
/* End PBXGroup section */

/* Begin PBXNativeTarget section */
		E525AF941E95F44B00BAE5C4 /* MobileTrading */ = {
			isa = PBXNativeTarget;
			buildConfigurationList = E525AFBD1E95F44B00BAE5C4 /* Build configuration list for PBXNativeTarget "MobileTrading" */;
			buildPhases = (
				1E887E58D27012DDD98CD629 /* [CP] Check Pods Manifest.lock */,
				E525AF911E95F44B00BAE5C4 /* Sources */,
				E525AF921E95F44B00BAE5C4 /* Frameworks */,
				E525AF931E95F44B00BAE5C4 /* Resources */,
				2BD5A2EF689B8FB4DD13B046 /* [CP] Embed Pods Frameworks */,
				BFB5FC91C08AD1C404FAB876 /* [CP] Copy Pods Resources */,
			);
			buildRules = (
			);
			dependencies = (
			);
			name = MobileTrading;
			productName = MobileTrading;
			productReference = E525AF951E95F44B00BAE5C4 /* MobileTrading.app */;
			productType = "com.apple.product-type.application";
		};
		E525AFA81E95F44B00BAE5C4 /* MobileTradingTests */ = {
			isa = PBXNativeTarget;
			buildConfigurationList = E525AFC01E95F44B00BAE5C4 /* Build configuration list for PBXNativeTarget "MobileTradingTests" */;
			buildPhases = (
				2861F4318BCA6E72349FF7AE /* [CP] Check Pods Manifest.lock */,
				E525AFA51E95F44B00BAE5C4 /* Sources */,
				E525AFA61E95F44B00BAE5C4 /* Frameworks */,
				E525AFA71E95F44B00BAE5C4 /* Resources */,
				3751F6C0FFF8A8F348D57D7B /* [CP] Embed Pods Frameworks */,
				68305B45089444DC1E4BA3FA /* [CP] Copy Pods Resources */,
			);
			buildRules = (
			);
			dependencies = (
				E525AFAB1E95F44B00BAE5C4 /* PBXTargetDependency */,
			);
			name = MobileTradingTests;
			productName = MobileTradingTests;
			productReference = E525AFA91E95F44B00BAE5C4 /* MobileTradingTests.xctest */;
			productType = "com.apple.product-type.bundle.unit-test";
		};
		E525AFB31E95F44B00BAE5C4 /* MobileTradingUITests */ = {
			isa = PBXNativeTarget;
			buildConfigurationList = E525AFC31E95F44B00BAE5C4 /* Build configuration list for PBXNativeTarget "MobileTradingUITests" */;
			buildPhases = (
				EE21055E4740D183175B1C1A /* [CP] Check Pods Manifest.lock */,
				E525AFB01E95F44B00BAE5C4 /* Sources */,
				E525AFB11E95F44B00BAE5C4 /* Frameworks */,
				E525AFB21E95F44B00BAE5C4 /* Resources */,
				63AEC36C96805B9A046779D7 /* [CP] Embed Pods Frameworks */,
				95DAFEE8CD27648FD1DB0A5F /* [CP] Copy Pods Resources */,
			);
			buildRules = (
			);
			dependencies = (
				E525AFB61E95F44B00BAE5C4 /* PBXTargetDependency */,
			);
			name = MobileTradingUITests;
			productName = MobileTradingUITests;
			productReference = E525AFB41E95F44B00BAE5C4 /* MobileTradingUITests.xctest */;
			productType = "com.apple.product-type.bundle.ui-testing";
		};
/* End PBXNativeTarget section */

/* Begin PBXProject section */
		E525AF8D1E95F44B00BAE5C4 /* Project object */ = {
			isa = PBXProject;
			attributes = {
				LastSwiftUpdateCheck = 0830;
				LastUpgradeCheck = 0830;
				ORGANIZATIONNAME = AHDEnglish;
				TargetAttributes = {
					E525AF941E95F44B00BAE5C4 = {
						CreatedOnToolsVersion = 8.3;
						ProvisioningStyle = Automatic;
					};
					E525AFA81E95F44B00BAE5C4 = {
						CreatedOnToolsVersion = 8.3;
						DevelopmentTeam = C2MD5G6WC2;
						ProvisioningStyle = Automatic;
						TestTargetID = E525AF941E95F44B00BAE5C4;
					};
					E525AFB31E95F44B00BAE5C4 = {
						CreatedOnToolsVersion = 8.3;
						DevelopmentTeam = C2MD5G6WC2;
						ProvisioningStyle = Automatic;
						TestTargetID = E525AF941E95F44B00BAE5C4;
					};
				};
			};
			buildConfigurationList = E525AF901E95F44B00BAE5C4 /* Build configuration list for PBXProject "MobileTrading" */;
			compatibilityVersion = "Xcode 3.2";
			developmentRegion = English;
			hasScannedForEncodings = 0;
			knownRegions = (
				en,
				Base,
			);
			mainGroup = E525AF8C1E95F44B00BAE5C4;
			productRefGroup = E525AF961E95F44B00BAE5C4 /* Products */;
			projectDirPath = "";
			projectRoot = "";
			targets = (
				E525AF941E95F44B00BAE5C4 /* MobileTrading */,
				E525AFA81E95F44B00BAE5C4 /* MobileTradingTests */,
				E525AFB31E95F44B00BAE5C4 /* MobileTradingUITests */,
			);
		};
/* End PBXProject section */

/* Begin PBXResourcesBuildPhase section */
		E525AF931E95F44B00BAE5C4 /* Resources */ = {
			isa = PBXResourcesBuildPhase;
			buildActionMask = 2147483647;
			files = (
				E5CABEA21E9682800005933D /* flag-assets.bundle in Resources */,
				E525AFA31E95F44B00BAE5C4 /* LaunchScreen.storyboard in Resources */,
				E525AFA01E95F44B00BAE5C4 /* Assets.xcassets in Resources */,
				E525AF9E1E95F44B00BAE5C4 /* Main.storyboard in Resources */,
			);
			runOnlyForDeploymentPostprocessing = 0;
		};
		E525AFA71E95F44B00BAE5C4 /* Resources */ = {
			isa = PBXResourcesBuildPhase;
			buildActionMask = 2147483647;
			files = (
				E5906A0A1E9873E000F696FB /* Info.plist in Resources */,
				E5906A091E9873E000F696FB /* GenVectorTests in Resources */,
			);
			runOnlyForDeploymentPostprocessing = 0;
		};
		E525AFB21E95F44B00BAE5C4 /* Resources */ = {
			isa = PBXResourcesBuildPhase;
			buildActionMask = 2147483647;
			files = (
			);
			runOnlyForDeploymentPostprocessing = 0;
		};
/* End PBXResourcesBuildPhase section */

/* Begin PBXShellScriptBuildPhase section */
		1E887E58D27012DDD98CD629 /* [CP] Check Pods Manifest.lock */ = {
			isa = PBXShellScriptBuildPhase;
			buildActionMask = 2147483647;
			files = (
			);
			inputPaths = (
			);
			name = "[CP] Check Pods Manifest.lock";
			outputPaths = (
			);
			runOnlyForDeploymentPostprocessing = 0;
			shellPath = /bin/sh;
			shellScript = "diff \"${PODS_ROOT}/../Podfile.lock\" \"${PODS_ROOT}/Manifest.lock\" > /dev/null\nif [ $? != 0 ] ; then\n    # print error to STDERR\n    echo \"error: The sandbox is not in sync with the Podfile.lock. Run 'pod install' or update your CocoaPods installation.\" >&2\n    exit 1\nfi\n";
			showEnvVarsInLog = 0;
		};
		2861F4318BCA6E72349FF7AE /* [CP] Check Pods Manifest.lock */ = {
			isa = PBXShellScriptBuildPhase;
			buildActionMask = 2147483647;
			files = (
			);
			inputPaths = (
			);
			name = "[CP] Check Pods Manifest.lock";
			outputPaths = (
			);
			runOnlyForDeploymentPostprocessing = 0;
			shellPath = /bin/sh;
			shellScript = "diff \"${PODS_ROOT}/../Podfile.lock\" \"${PODS_ROOT}/Manifest.lock\" > /dev/null\nif [ $? != 0 ] ; then\n    # print error to STDERR\n    echo \"error: The sandbox is not in sync with the Podfile.lock. Run 'pod install' or update your CocoaPods installation.\" >&2\n    exit 1\nfi\n";
			showEnvVarsInLog = 0;
		};
		2BD5A2EF689B8FB4DD13B046 /* [CP] Embed Pods Frameworks */ = {
			isa = PBXShellScriptBuildPhase;
			buildActionMask = 2147483647;
			files = (
			);
			inputPaths = (
			);
			name = "[CP] Embed Pods Frameworks";
			outputPaths = (
			);
			runOnlyForDeploymentPostprocessing = 0;
			shellPath = /bin/sh;
			shellScript = "\"${SRCROOT}/Pods/Target Support Files/Pods-MobileTrading/Pods-MobileTrading-frameworks.sh\"\n";
			showEnvVarsInLog = 0;
		};
		3751F6C0FFF8A8F348D57D7B /* [CP] Embed Pods Frameworks */ = {
			isa = PBXShellScriptBuildPhase;
			buildActionMask = 2147483647;
			files = (
			);
			inputPaths = (
			);
			name = "[CP] Embed Pods Frameworks";
			outputPaths = (
			);
			runOnlyForDeploymentPostprocessing = 0;
			shellPath = /bin/sh;
			shellScript = "\"${SRCROOT}/Pods/Target Support Files/Pods-MobileTradingTests/Pods-MobileTradingTests-frameworks.sh\"\n";
			showEnvVarsInLog = 0;
		};
		63AEC36C96805B9A046779D7 /* [CP] Embed Pods Frameworks */ = {
			isa = PBXShellScriptBuildPhase;
			buildActionMask = 2147483647;
			files = (
			);
			inputPaths = (
			);
			name = "[CP] Embed Pods Frameworks";
			outputPaths = (
			);
			runOnlyForDeploymentPostprocessing = 0;
			shellPath = /bin/sh;
			shellScript = "\"${SRCROOT}/Pods/Target Support Files/Pods-MobileTradingUITests/Pods-MobileTradingUITests-frameworks.sh\"\n";
			showEnvVarsInLog = 0;
		};
		68305B45089444DC1E4BA3FA /* [CP] Copy Pods Resources */ = {
			isa = PBXShellScriptBuildPhase;
			buildActionMask = 2147483647;
			files = (
			);
			inputPaths = (
			);
			name = "[CP] Copy Pods Resources";
			outputPaths = (
			);
			runOnlyForDeploymentPostprocessing = 0;
			shellPath = /bin/sh;
			shellScript = "\"${SRCROOT}/Pods/Target Support Files/Pods-MobileTradingTests/Pods-MobileTradingTests-resources.sh\"\n\"${SRCROOT}/Pods/Target Support Files/Pods-MobileTradingTests/Pods-MobileTradingTests-frameworks.sh\"";
			showEnvVarsInLog = 0;
		};
		95DAFEE8CD27648FD1DB0A5F /* [CP] Copy Pods Resources */ = {
			isa = PBXShellScriptBuildPhase;
			buildActionMask = 2147483647;
			files = (
			);
			inputPaths = (
			);
			name = "[CP] Copy Pods Resources";
			outputPaths = (
			);
			runOnlyForDeploymentPostprocessing = 0;
			shellPath = /bin/sh;
			shellScript = "\"${SRCROOT}/Pods/Target Support Files/Pods-MobileTradingUITests/Pods-MobileTradingUITests-resources.sh\"\n\"${SRCROOT}/Pods/Target Support Files/Pods-MobileTradingUITests/Pods-MobileTradingUITests-frameworks.sh\"";
			showEnvVarsInLog = 0;
		};
		BFB5FC91C08AD1C404FAB876 /* [CP] Copy Pods Resources */ = {
			isa = PBXShellScriptBuildPhase;
			buildActionMask = 2147483647;
			files = (
			);
			inputPaths = (
			);
			name = "[CP] Copy Pods Resources";
			outputPaths = (
			);
			runOnlyForDeploymentPostprocessing = 0;
			shellPath = /bin/sh;
			shellScript = "\"${SRCROOT}/Pods/Target Support Files/Pods-MobileTrading/Pods-MobileTrading-resources.sh\"\n";
			showEnvVarsInLog = 0;
		};
		EE21055E4740D183175B1C1A /* [CP] Check Pods Manifest.lock */ = {
			isa = PBXShellScriptBuildPhase;
			buildActionMask = 2147483647;
			files = (
			);
			inputPaths = (
			);
			name = "[CP] Check Pods Manifest.lock";
			outputPaths = (
			);
			runOnlyForDeploymentPostprocessing = 0;
			shellPath = /bin/sh;
			shellScript = "diff \"${PODS_ROOT}/../Podfile.lock\" \"${PODS_ROOT}/Manifest.lock\" > /dev/null\nif [ $? != 0 ] ; then\n    # print error to STDERR\n    echo \"error: The sandbox is not in sync with the Podfile.lock. Run 'pod install' or update your CocoaPods installation.\" >&2\n    exit 1\nfi\n";
			showEnvVarsInLog = 0;
		};
/* End PBXShellScriptBuildPhase section */

/* Begin PBXSourcesBuildPhase section */
		E525AF911E95F44B00BAE5C4 /* Sources */ = {
			isa = PBXSourcesBuildPhase;
			buildActionMask = 2147483647;
			files = (
				E5CABEAA1E968E2F0005933D /* Data+Compression.swift in Sources */,
				E525AF9B1E95F44B00BAE5C4 /* ViewController.swift in Sources */,
				E5906A6B1E988E1400F696FB /* NSObject+MTExtension.swift in Sources */,
				E5906A691E988BA100F696FB /* String+MTExtension.swift in Sources */,
				E5D7776F1E98CDA700FCEF2D /* Realm+MTExtension.swift in Sources */,
				E525AF991E95F44B00BAE5C4 /* AppDelegate.swift in Sources */,
				E5D7776D1E98CD1E00FCEF2D /* UIWindow+MTExtension.swift in Sources */,
				E5CABEA41E9682CB0005933D /* FlagKit.swift in Sources */,
			);
			runOnlyForDeploymentPostprocessing = 0;
		};
		E525AFA51E95F44B00BAE5C4 /* Sources */ = {
			isa = PBXSourcesBuildPhase;
			buildActionMask = 2147483647;
			files = (
				E525AFAE1E95F44B00BAE5C4 /* MobileTradingTests.swift in Sources */,
				E5906A5B1E9886FB00F696FB /* Access.swift in Sources */,
				E5906A0D1E9873E000F696FB /* RNCryptorTests.swift in Sources */,
				E5906A621E9886FB00F696FB /* PaddingTests.swift in Sources */,
				E5906A5F1E9886FB00F696FB /* DigestTests.swift in Sources */,
				E5906A0E1E9873E000F696FB /* VectorTestHelpers.swift in Sources */,
				E5906A641E9886FB00F696FB /* Poly1305Tests.swift in Sources */,
				E5906A5E1E9886FB00F696FB /* ChaCha20Tests.swift in Sources */,
				E5906A0B1E9873E000F696FB /* OverfowingBuffer.swift in Sources */,
				E5906A5D1E9886FB00F696FB /* BlowfishTests.swift in Sources */,
				E5906A071E9873E000F696FB /* Data.swift in Sources */,
				E5906A0C1E9873E000F696FB /* RNCryptorPerformance.swift in Sources */,
				E5906A5C1E9886FB00F696FB /* AESTests.swift in Sources */,
				E5906A081E9873E000F696FB /* RNCryptorGeneratedVectorTests.swift in Sources */,
				E5906A661E9886FB00F696FB /* RandomBytesSequenceTests.swift in Sources */,
				E5906A631E9886FB00F696FB /* PBKDF.swift in Sources */,
				E5906A651E9886FB00F696FB /* RabbitTests.swift in Sources */,
				E5906A611E9886FB00F696FB /* HMACTests.swift in Sources */,
				E5906A601E9886FB00F696FB /* ExtensionsTest.swift in Sources */,
			);
			runOnlyForDeploymentPostprocessing = 0;
		};
		E525AFB01E95F44B00BAE5C4 /* Sources */ = {
			isa = PBXSourcesBuildPhase;
			buildActionMask = 2147483647;
			files = (
				E525AFB91E95F44B00BAE5C4 /* MobileTradingUITests.swift in Sources */,
			);
			runOnlyForDeploymentPostprocessing = 0;
		};
/* End PBXSourcesBuildPhase section */

/* Begin PBXTargetDependency section */
		E525AFAB1E95F44B00BAE5C4 /* PBXTargetDependency */ = {
			isa = PBXTargetDependency;
			target = E525AF941E95F44B00BAE5C4 /* MobileTrading */;
			targetProxy = E525AFAA1E95F44B00BAE5C4 /* PBXContainerItemProxy */;
		};
		E525AFB61E95F44B00BAE5C4 /* PBXTargetDependency */ = {
			isa = PBXTargetDependency;
			target = E525AF941E95F44B00BAE5C4 /* MobileTrading */;
			targetProxy = E525AFB51E95F44B00BAE5C4 /* PBXContainerItemProxy */;
		};
/* End PBXTargetDependency section */

/* Begin PBXVariantGroup section */
		E525AF9C1E95F44B00BAE5C4 /* Main.storyboard */ = {
			isa = PBXVariantGroup;
			children = (
				E525AF9D1E95F44B00BAE5C4 /* Base */,
			);
			name = Main.storyboard;
			sourceTree = "<group>";
		};
		E525AFA11E95F44B00BAE5C4 /* LaunchScreen.storyboard */ = {
			isa = PBXVariantGroup;
			children = (
				E525AFA21E95F44B00BAE5C4 /* Base */,
			);
			name = LaunchScreen.storyboard;
			sourceTree = "<group>";
		};
/* End PBXVariantGroup section */

/* Begin XCBuildConfiguration section */
		E525AFBB1E95F44B00BAE5C4 /* Debug */ = {
			isa = XCBuildConfiguration;
			buildSettings = {
				ALWAYS_SEARCH_USER_PATHS = NO;
				CLANG_ANALYZER_NONNULL = YES;
				CLANG_ANALYZER_NUMBER_OBJECT_CONVERSION = YES_AGGRESSIVE;
				CLANG_CXX_LANGUAGE_STANDARD = "gnu++0x";
				CLANG_CXX_LIBRARY = "libc++";
				CLANG_ENABLE_MODULES = YES;
				CLANG_ENABLE_OBJC_ARC = YES;
				CLANG_WARN_BOOL_CONVERSION = YES;
				CLANG_WARN_CONSTANT_CONVERSION = YES;
				CLANG_WARN_DIRECT_OBJC_ISA_USAGE = YES_ERROR;
				CLANG_WARN_DOCUMENTATION_COMMENTS = YES;
				CLANG_WARN_EMPTY_BODY = YES;
				CLANG_WARN_ENUM_CONVERSION = YES;
				CLANG_WARN_INFINITE_RECURSION = YES;
				CLANG_WARN_INT_CONVERSION = YES;
				CLANG_WARN_OBJC_ROOT_CLASS = YES_ERROR;
				CLANG_WARN_SUSPICIOUS_MOVE = YES;
				CLANG_WARN_UNREACHABLE_CODE = YES;
				CLANG_WARN__DUPLICATE_METHOD_MATCH = YES;
				"CODE_SIGN_IDENTITY[sdk=iphoneos*]" = "iPhone Developer";
				COPY_PHASE_STRIP = NO;
				DEBUG_INFORMATION_FORMAT = dwarf;
				ENABLE_STRICT_OBJC_MSGSEND = YES;
				ENABLE_TESTABILITY = YES;
				GCC_C_LANGUAGE_STANDARD = gnu99;
				GCC_DYNAMIC_NO_PIC = NO;
				GCC_NO_COMMON_BLOCKS = YES;
				GCC_OPTIMIZATION_LEVEL = 0;
				GCC_PREPROCESSOR_DEFINITIONS = (
					"DEBUG=1",
					"$(inherited)",
				);
				GCC_WARN_64_TO_32_BIT_CONVERSION = YES;
				GCC_WARN_ABOUT_RETURN_TYPE = YES_ERROR;
				GCC_WARN_UNDECLARED_SELECTOR = YES;
				GCC_WARN_UNINITIALIZED_AUTOS = YES_AGGRESSIVE;
				GCC_WARN_UNUSED_FUNCTION = YES;
				GCC_WARN_UNUSED_VARIABLE = YES;
				IPHONEOS_DEPLOYMENT_TARGET = 10.3;
				MTL_ENABLE_DEBUG_INFO = YES;
				ONLY_ACTIVE_ARCH = YES;
				SDKROOT = iphoneos;
				SWIFT_ACTIVE_COMPILATION_CONDITIONS = DEBUG;
				SWIFT_OPTIMIZATION_LEVEL = "-Onone";
				TARGETED_DEVICE_FAMILY = "1,2";
			};
			name = Debug;
		};
		E525AFBC1E95F44B00BAE5C4 /* Release */ = {
			isa = XCBuildConfiguration;
			buildSettings = {
				ALWAYS_SEARCH_USER_PATHS = NO;
				CLANG_ANALYZER_NONNULL = YES;
				CLANG_ANALYZER_NUMBER_OBJECT_CONVERSION = YES_AGGRESSIVE;
				CLANG_CXX_LANGUAGE_STANDARD = "gnu++0x";
				CLANG_CXX_LIBRARY = "libc++";
				CLANG_ENABLE_MODULES = YES;
				CLANG_ENABLE_OBJC_ARC = YES;
				CLANG_WARN_BOOL_CONVERSION = YES;
				CLANG_WARN_CONSTANT_CONVERSION = YES;
				CLANG_WARN_DIRECT_OBJC_ISA_USAGE = YES_ERROR;
				CLANG_WARN_DOCUMENTATION_COMMENTS = YES;
				CLANG_WARN_EMPTY_BODY = YES;
				CLANG_WARN_ENUM_CONVERSION = YES;
				CLANG_WARN_INFINITE_RECURSION = YES;
				CLANG_WARN_INT_CONVERSION = YES;
				CLANG_WARN_OBJC_ROOT_CLASS = YES_ERROR;
				CLANG_WARN_SUSPICIOUS_MOVE = YES;
				CLANG_WARN_UNREACHABLE_CODE = YES;
				CLANG_WARN__DUPLICATE_METHOD_MATCH = YES;
				"CODE_SIGN_IDENTITY[sdk=iphoneos*]" = "iPhone Developer";
				COPY_PHASE_STRIP = NO;
				DEBUG_INFORMATION_FORMAT = "dwarf-with-dsym";
				ENABLE_NS_ASSERTIONS = NO;
				ENABLE_STRICT_OBJC_MSGSEND = YES;
				GCC_C_LANGUAGE_STANDARD = gnu99;
				GCC_NO_COMMON_BLOCKS = YES;
				GCC_WARN_64_TO_32_BIT_CONVERSION = YES;
				GCC_WARN_ABOUT_RETURN_TYPE = YES_ERROR;
				GCC_WARN_UNDECLARED_SELECTOR = YES;
				GCC_WARN_UNINITIALIZED_AUTOS = YES_AGGRESSIVE;
				GCC_WARN_UNUSED_FUNCTION = YES;
				GCC_WARN_UNUSED_VARIABLE = YES;
				IPHONEOS_DEPLOYMENT_TARGET = 10.3;
				MTL_ENABLE_DEBUG_INFO = NO;
				SDKROOT = iphoneos;
				SWIFT_OPTIMIZATION_LEVEL = "-Owholemodule";
				TARGETED_DEVICE_FAMILY = "1,2";
				VALIDATE_PRODUCT = YES;
			};
			name = Release;
		};
		E525AFBE1E95F44B00BAE5C4 /* Debug */ = {
			isa = XCBuildConfiguration;
			baseConfigurationReference = EDDDBDB3D6558321B3B42B05 /* Pods-MobileTrading.debug.xcconfig */;
			buildSettings = {
				ASSETCATALOG_COMPILER_APPICON_NAME = AppIcon;
				DEVELOPMENT_TEAM = "";
				INFOPLIST_FILE = MobileTrading/Info.plist;
				LD_RUNPATH_SEARCH_PATHS = "$(inherited) @executable_path/Frameworks";
				PRODUCT_BUNDLE_IDENTIFIER = com.ahdenglish.MobileTrading;
				PRODUCT_NAME = "$(TARGET_NAME)";
				SWIFT_VERSION = 3.0;
			};
			name = Debug;
		};
		E525AFBF1E95F44B00BAE5C4 /* Release */ = {
			isa = XCBuildConfiguration;
			baseConfigurationReference = FAD3A2514DE8E65672C9F0DE /* Pods-MobileTrading.release.xcconfig */;
			buildSettings = {
				ASSETCATALOG_COMPILER_APPICON_NAME = AppIcon;
				DEVELOPMENT_TEAM = "";
				INFOPLIST_FILE = MobileTrading/Info.plist;
				LD_RUNPATH_SEARCH_PATHS = "$(inherited) @executable_path/Frameworks";
				PRODUCT_BUNDLE_IDENTIFIER = com.ahdenglish.MobileTrading;
				PRODUCT_NAME = "$(TARGET_NAME)";
				SWIFT_VERSION = 3.0;
			};
			name = Release;
		};
		E525AFC11E95F44B00BAE5C4 /* Debug */ = {
			isa = XCBuildConfiguration;
			baseConfigurationReference = 5A065D63AFBE785C70DE7E57 /* Pods-MobileTradingTests.debug.xcconfig */;
			buildSettings = {
				ALWAYS_EMBED_SWIFT_STANDARD_LIBRARIES = YES;
				BUNDLE_LOADER = "$(TEST_HOST)";
				DEVELOPMENT_TEAM = C2MD5G6WC2;
				INFOPLIST_FILE = MobileTradingTests/Info.plist;
				LD_RUNPATH_SEARCH_PATHS = "$(inherited) @executable_path/Frameworks @loader_path/Frameworks";
				PRODUCT_BUNDLE_IDENTIFIER = com.ahdenglish.MobileTradingTests;
				PRODUCT_NAME = "$(TARGET_NAME)";
				SWIFT_VERSION = 3.0;
				TEST_HOST = "$(BUILT_PRODUCTS_DIR)/MobileTrading.app/MobileTrading";
			};
			name = Debug;
		};
		E525AFC21E95F44B00BAE5C4 /* Release */ = {
			isa = XCBuildConfiguration;
			baseConfigurationReference = C11BBCA374566E04C8D07A3D /* Pods-MobileTradingTests.release.xcconfig */;
			buildSettings = {
				ALWAYS_EMBED_SWIFT_STANDARD_LIBRARIES = YES;
				BUNDLE_LOADER = "$(TEST_HOST)";
				DEVELOPMENT_TEAM = C2MD5G6WC2;
				INFOPLIST_FILE = MobileTradingTests/Info.plist;
				LD_RUNPATH_SEARCH_PATHS = "$(inherited) @executable_path/Frameworks @loader_path/Frameworks";
				PRODUCT_BUNDLE_IDENTIFIER = com.ahdenglish.MobileTradingTests;
				PRODUCT_NAME = "$(TARGET_NAME)";
				SWIFT_VERSION = 3.0;
				TEST_HOST = "$(BUILT_PRODUCTS_DIR)/MobileTrading.app/MobileTrading";
			};
			name = Release;
		};
		E525AFC41E95F44B00BAE5C4 /* Debug */ = {
			isa = XCBuildConfiguration;
			baseConfigurationReference = 29417CDCA19910BE815E66A0 /* Pods-MobileTradingUITests.debug.xcconfig */;
			buildSettings = {
				ALWAYS_EMBED_SWIFT_STANDARD_LIBRARIES = YES;
				DEVELOPMENT_TEAM = C2MD5G6WC2;
				INFOPLIST_FILE = MobileTradingUITests/Info.plist;
				LD_RUNPATH_SEARCH_PATHS = "$(inherited) @executable_path/Frameworks @loader_path/Frameworks";
				PRODUCT_BUNDLE_IDENTIFIER = com.ahdenglish.MobileTradingUITests;
				PRODUCT_NAME = "$(TARGET_NAME)";
				SWIFT_VERSION = 3.0;
				TEST_TARGET_NAME = MobileTrading;
			};
			name = Debug;
		};
		E525AFC51E95F44B00BAE5C4 /* Release */ = {
			isa = XCBuildConfiguration;
			baseConfigurationReference = A2DD4CFEA59EEBC1811953FA /* Pods-MobileTradingUITests.release.xcconfig */;
			buildSettings = {
				ALWAYS_EMBED_SWIFT_STANDARD_LIBRARIES = YES;
				DEVELOPMENT_TEAM = C2MD5G6WC2;
				INFOPLIST_FILE = MobileTradingUITests/Info.plist;
				LD_RUNPATH_SEARCH_PATHS = "$(inherited) @executable_path/Frameworks @loader_path/Frameworks";
				PRODUCT_BUNDLE_IDENTIFIER = com.ahdenglish.MobileTradingUITests;
				PRODUCT_NAME = "$(TARGET_NAME)";
				SWIFT_VERSION = 3.0;
				TEST_TARGET_NAME = MobileTrading;
			};
			name = Release;
		};
/* End XCBuildConfiguration section */

/* Begin XCConfigurationList section */
		E525AF901E95F44B00BAE5C4 /* Build configuration list for PBXProject "MobileTrading" */ = {
			isa = XCConfigurationList;
			buildConfigurations = (
				E525AFBB1E95F44B00BAE5C4 /* Debug */,
				E525AFBC1E95F44B00BAE5C4 /* Release */,
			);
			defaultConfigurationIsVisible = 0;
			defaultConfigurationName = Release;
		};
		E525AFBD1E95F44B00BAE5C4 /* Build configuration list for PBXNativeTarget "MobileTrading" */ = {
			isa = XCConfigurationList;
			buildConfigurations = (
				E525AFBE1E95F44B00BAE5C4 /* Debug */,
				E525AFBF1E95F44B00BAE5C4 /* Release */,
			);
			defaultConfigurationIsVisible = 0;
			defaultConfigurationName = Release;
		};
		E525AFC01E95F44B00BAE5C4 /* Build configuration list for PBXNativeTarget "MobileTradingTests" */ = {
			isa = XCConfigurationList;
			buildConfigurations = (
				E525AFC11E95F44B00BAE5C4 /* Debug */,
				E525AFC21E95F44B00BAE5C4 /* Release */,
			);
			defaultConfigurationIsVisible = 0;
			defaultConfigurationName = Release;
		};
		E525AFC31E95F44B00BAE5C4 /* Build configuration list for PBXNativeTarget "MobileTradingUITests" */ = {
			isa = XCConfigurationList;
			buildConfigurations = (
				E525AFC41E95F44B00BAE5C4 /* Debug */,
				E525AFC51E95F44B00BAE5C4 /* Release */,
			);
			defaultConfigurationIsVisible = 0;
			defaultConfigurationName = Release;
		};
/* End XCConfigurationList section */
	};
	rootObject = E525AF8D1E95F44B00BAE5C4 /* Project object */;
}
